{
  "version": 1,
  "dependencies": {
    ".NETStandard,Version=v2.0": {
      "Acr.UserDialogs": {
        "type": "Direct",
        "requested": "[7.2.0.564, )",
        "resolved": "7.2.0.564",
        "contentHash": "RH+DT3EO/l12EyvOlhhilFizbVMOervE6bepyTccLlSWS+7m828huXefLBYgJ31PGCdiShteXIIkeIdUTRF4iQ=="
      },
      "CarouselView.FormsPlugin": {
        "type": "Direct",
        "requested": "[6.0.0, )",
        "resolved": "6.0.0",
        "contentHash": "6O+/NNod+u5bO8EwNJOq2D2bHfV0NdarAUjrIBn4q6bsxgtX+ONo4JmKL2yBtRmKizoDOjM+r5GwO9ewePTGZg=="
      },
      "Microcharts": {
        "type": "Direct",
        "requested": "[0.9.5.9, )",
        "resolved": "0.9.5.9",
        "contentHash": "oiaPjsC+l211tRXw17bxT7D1uPHLZG4wZq7w9h9w7LFX76s4ppLN9UGVkUQJ2vBammdFH0JXtbvEUVtbOq85UQ==",
        "dependencies": {
          "SkiaSharp": "2.80.2",
          "System.ValueTuple": "4.5.0"
        }
      },
      "Microcharts.Forms": {
        "type": "Direct",
        "requested": "[0.9.5.9, )",
        "resolved": "0.9.5.9",
        "contentHash": "qWph+JII7fWqx/ObgqT0IQ9ICGTHSUfvXT1l+Yf/LlLK4DAhDdvn0AKKUatz2uvHy1xHmzBFS+nzdreOpBA2Vw==",
        "dependencies": {
          "Microcharts": "0.9.5.9",
          "SkiaSharp": "2.80.2",
          "SkiaSharp.Views.Forms": "2.80.2",
          "System.ValueTuple": "4.5.0",
          "Xamarin.Forms": "4.7.0.1351"
        }
      },
      "MonkeyCache.FileStore": {
        "type": "Direct",
        "requested": "[1.6.3, )",
        "resolved": "1.6.3",
        "contentHash": "uc9rdTkIMvtf8aZzJHAcwPaVG09NQQkwKLdfh3fRKpqhm2GVx1hiWvgRYmc42Mjx7ECELn+1vg7Cn6KAWezZNw==",
        "dependencies": {
          "MonkeyCache": "1.6.3",
          "Newtonsoft.Json": "13.0.1"
        }
      },
      "NETStandard.Library": {
        "type": "Direct",
        "requested": "[2.0.3, )",
        "resolved": "2.0.3",
        "contentHash": "st47PosZSHrjECdjeIzZQbzivYBJFv6P2nv4cj2ypdI204DO+vZ7l5raGMiX4eXMJ53RfOIg+/s4DHVZ54Nu2A==",
        "dependencies": {
          "Microsoft.NETCore.Platforms": "1.1.0"
        }
      },
      "Nyxbull.Plugins.CrossLocalization": {
        "type": "Direct",
        "requested": "[1.3.1, )",
        "resolved": "1.3.1",
        "contentHash": "V6Ixpid+nnENUzNxDuSPm965p2S1JygzjWc6exsGguhvF61Vv6dDrCP/SBhVVMfAzFVb9pGotgqRXdcFKBOq+g==",
        "dependencies": {
          "Newtonsoft.Json": "12.0.3"
        }
      },
      "SkiaSharp": {
        "type": "Direct",
        "requested": "[2.88.6, )",
        "resolved": "2.88.6",
        "contentHash": "wdfeBAQrEQCbJIRgAiargzP1Uy+0grZiG4CSgBnhAgcJTsPzlifIaO73JRdwIlT3TyBoeU9jEqzwFUhl4hTYnQ==",
        "dependencies": {
          "SkiaSharp.NativeAssets.Win32": "2.88.6",
          "SkiaSharp.NativeAssets.macOS": "2.88.6",
          "System.Memory": "4.5.5"
        }
      },
      "System.IdentityModel.Tokens.Jwt": {
        "type": "Direct",
        "requested": "[7.6.0, )",
        "resolved": "7.6.0",
        "contentHash": "LIuEbv/kFpuw00yI/mPu+T9NAVdH/u7Y5ChCGzYQQeCg9Pft2C7HFWuO/P+Z7c2RcySNjVk1FmuAheKjYIbOkw==",
        "dependencies": {
          "Microsoft.IdentityModel.JsonWebTokens": "7.6.0",
          "Microsoft.IdentityModel.Tokens": "7.6.0"
        }
      },
      "Xamarin.Essentials": {
        "type": "Direct",
        "requested": "[1.8.0, )",
        "resolved": "1.8.0",
        "contentHash": "g1yB0CkX7BVOx84P0SLm8guypbEfigqjddZsI9KgJzba6yRRcekBqDp6YTT1hO8ZcFcW8VZbsymejTJftJoQyg==",
        "dependencies": {
          "System.Numerics.Vectors": "4.5.0"
        }
      },
      "Xamarin.FFImageLoading": {
        "type": "Direct",
        "requested": "[2.4.11.982, )",
        "resolved": "2.4.11.982",
        "contentHash": "M0sNIQgUPs+le6C2TS4RmZQAURnzaRVizRtnZIZ6/1//qGcEAtEXAGt/tBJz6I1zlP6XlMxq8io6b4sjFP5N9Q=="
      },
      "Xamarin.FFImageLoading.Forms": {
        "type": "Direct",
        "requested": "[2.4.11.982, )",
        "resolved": "2.4.11.982",
        "contentHash": "7X4t3J1wJj0/0o8+vd91hzSYlrqEeMFC7Mj+0T8O+fcbRSHo/c+QbWscEQiT4AaKCwyO709xq+7aY2XXbK/H7g==",
        "dependencies": {
          "Xamarin.FFImageLoading": "2.4.11.982",
          "Xamarin.Forms": "3.3.0.912540"
        }
      },
      "Xamarin.FFImageLoading.Transformations": {
        "type": "Direct",
        "requested": "[2.4.11.982, )",
        "resolved": "2.4.11.982",
        "contentHash": "cNG6zhiEBTENAGgIc9lY54YMJ0tg2dJ9+tj8tYgrOEQT8gxlj3OUzzNWZgaQWpcx28y5iIt/qM+Bd6jUwtAn1Q==",
        "dependencies": {
          "Xamarin.FFImageLoading": "2.4.11.982"
        }
      },
      "Xamarin.Forms": {
        "type": "Direct",
        "requested": "[5.0.0.2612, )",
        "resolved": "5.0.0.2612",
        "contentHash": "zQcy3NJgRJnLRWQZ2TZPCgDoTDHoYskHLutKDvz1pVNtvJ8U7kkg4mE2XATs3dAkQ+oWoqB4VOBGRk9uAfoRMw=="
      },
      "Microsoft.Bcl.AsyncInterfaces": {
        "type": "Transitive",
        "resolved": "1.1.0",
        "contentHash": "1Am6l4Vpn3/K32daEqZI+FFr96OlZkgwK2LcT3pZ2zWubR5zTPW3/FkO1Rat9kb7oQOa4rxgl9LJHc5tspCWfg==",
        "dependencies": {
          "System.Threading.Tasks.Extensions": "4.5.2"
        }
      },
      "Microsoft.CSharp": {
        "type": "Transitive",
        "resolved": "4.5.0",
        "contentHash": "kaj6Wb4qoMuH3HySFJhxwQfe8R/sJsNJnANrvv8WdFPMoNbKY5htfNscv+LHCu5ipz+49m2e+WQXpLXr9XYemQ=="
      },
      "Microsoft.IdentityModel.Abstractions": {
        "type": "Transitive",
        "resolved": "7.6.0",
        "contentHash": "q4MZ8d0LlWKWtQfxNl9ZRZVOQ7IPEAR6CF4rFKITfuqEUOhqrbwHbqBanReI37155IKb8V/tPJqpPa3KXm9wQQ=="
      },
      "Microsoft.IdentityModel.JsonWebTokens": {
        "type": "Transitive",
        "resolved": "7.6.0",
        "contentHash": "lsleZbCuh3wZ3RfKd8WJ7E52nIeQQzJsDrgHN+B3Zhzd32UTQ1V3Vjn1N9PssnSulAoEMF0aAiue7ucX+TPoQA==",
        "dependencies": {
          "Microsoft.IdentityModel.Tokens": "7.6.0",
          "System.Text.Encodings.Web": "4.7.2",
          "System.Text.Json": "4.7.2"
        }
      },
      "Microsoft.IdentityModel.Logging": {
        "type": "Transitive",
        "resolved": "7.6.0",
        "contentHash": "7AVJhNY4y/i96XGfaXovX8aAyYWz6HHtPEPHPpbg5JCchwVaoO08VmmpHe0L2gVagW/iHG0w4a4Xg9gxLXQ/8A==",
        "dependencies": {
          "Microsoft.IdentityModel.Abstractions": "7.6.0"
        }
      },
      "Microsoft.IdentityModel.Tokens": {
        "type": "Transitive",
        "resolved": "7.6.0",
        "contentHash": "xvEil42RUe4Si/TuLDvglNXpklgCWMSecPduczXPS2BAypjheUehPqKLwIy8vSdzB4K2zza3yLgmODBt+J6ZxQ==",
        "dependencies": {
          "Microsoft.CSharp": "4.5.0",
          "Microsoft.IdentityModel.Logging": "7.6.0",
          "System.Security.Cryptography.Cng": "4.5.0",
          "System.Text.Encodings.Web": "4.7.2",
          "System.Text.Json": "4.7.2"
        }
      },
      "Microsoft.NETCore.Platforms": {
        "type": "Transitive",
        "resolved": "1.1.0",
        "contentHash": "kz0PEW2lhqygehI/d6XsPCQzD7ff7gUJaVGPVETX611eadGsA3A877GdSlU0LRVMCTH/+P3o2iDTak+S08V2+A=="
      },
      "MonkeyCache": {
        "type": "Transitive",
        "resolved": "1.6.3",
        "contentHash": "M7BE5LBnIdkaovXdfKq2HoJPOoD5dgt3ilwWB6f63/M7Kw/R+P+H+pw//50/Ei6beX6DuRwmuQngxyV6ZsjqCQ==",
        "dependencies": {
          "Newtonsoft.Json": "13.0.1"
        }
      },
      "Newtonsoft.Json": {
        "type": "Transitive",
        "resolved": "13.0.1",
        "contentHash": "ppPFpBcvxdsfUonNcvITKqLl3bqxWbDCZIzDWHzjpdAHRFfZe0Dw9HmA0+za13IdyrgJwpkDTDA9fHaxOrt20A=="
      },
      "SkiaSharp.NativeAssets.macOS": {
        "type": "Transitive",
        "resolved": "2.88.6",
        "contentHash": "Sko9LFxRXSjb3OGh5/RxrVRXxYo48tr5NKuuSy6jB85GrYt8WRqVY1iLOLwtjPiVAt4cp+pyD4i30azanS64dw=="
      },
      "SkiaSharp.NativeAssets.Win32": {
        "type": "Transitive",
        "resolved": "2.88.6",
        "contentHash": "7TzFO0u/g2MpQsTty4fyCDdMcfcWI+aLswwfnYXr3gtNS6VLKdMXPMeKpJa3pJSLnUBN6wD0JjuCe8OoLBQ6cQ=="
      },
      "SkiaSharp.Views.Forms": {
        "type": "Transitive",
        "resolved": "2.80.2",
        "contentHash": "8aRDb98O2cHymB94O8FBj85qMC+MYEY6591wBpHcwgfz4HMo4orSMApD5y8VDmHpA5KR0Yh2ija+HTylz/9CgA==",
        "dependencies": {
          "SkiaSharp": "2.80.2",
          "Xamarin.Forms": "4.6.0.772"
        }
      },
      "System.Buffers": {
        "type": "Transitive",
        "resolved": "4.5.1",
        "contentHash": "Rw7ijyl1qqRS0YQD/WycNst8hUUMgrMH4FCn1nNm27M4VxchZ1js3fVjQaANHO5f3sN4isvP4a+Met9Y4YomAg=="
      },
      "System.Memory": {
        "type": "Transitive",
        "resolved": "4.5.5",
        "contentHash": "XIWiDvKPXaTveaB7HVganDlOCRoj03l+jrwNvcge/t8vhGYKvqV+dMv6G4SAX2NoNmN0wZfVPTAlFwZcZvVOUw==",
        "dependencies": {
          "System.Buffers": "4.5.1",
          "System.Numerics.Vectors": "4.4.0",
          "System.Runtime.CompilerServices.Unsafe": "4.5.3"
        }
      },
      "System.Numerics.Vectors": {
        "type": "Transitive",
        "resolved": "4.5.0",
        "contentHash": "QQTlPTl06J/iiDbJCiepZ4H//BVraReU4O4EoRw1U02H5TLUIT7xn3GnDp9AXPSlJUDyFs4uWjWafNX6WrAojQ=="
      },
      "System.Runtime.CompilerServices.Unsafe": {
        "type": "Transitive",
        "resolved": "4.7.1",
        "contentHash": "zOHkQmzPCn5zm/BH+cxC1XbUS3P4Yoi3xzW7eRgVpDR2tPGSzyMZ17Ig1iRkfJuY0nhxkQQde8pgePNiA7z7TQ=="
      },
      "System.Security.Cryptography.Cng": {
        "type": "Transitive",
        "resolved": "4.5.0",
        "contentHash": "WG3r7EyjUe9CMPFSs6bty5doUqT+q9pbI80hlNzo2SkPkZ4VTuZkGWjpp77JB8+uaL4DFPRdBsAY+DX3dBK92A=="
      },
      "System.Text.Encodings.Web": {
        "type": "Transitive",
        "resolved": "4.7.2",
        "contentHash": "iTUgB/WtrZ1sWZs84F2hwyQhiRH6QNjQv2DkwrH+WP6RoFga2Q1m3f9/Q7FG8cck8AdHitQkmkXSY8qylcDmuA==",
        "dependencies": {
          "System.Buffers": "4.5.1",
          "System.Memory": "4.5.4"
        }
      },
      "System.Text.Json": {
        "type": "Transitive",
        "resolved": "4.7.2",
        "contentHash": "TcMd95wcrubm9nHvJEQs70rC0H/8omiSGGpU4FQ/ZA1URIqD4pjmFJh2Mfv1yH1eHgJDWTi2hMDXwTET+zOOyg==",
        "dependencies": {
          "Microsoft.Bcl.AsyncInterfaces": "1.1.0",
          "System.Buffers": "4.5.1",
          "System.Memory": "4.5.4",
          "System.Numerics.Vectors": "4.5.0",
          "System.Runtime.CompilerServices.Unsafe": "4.7.1",
          "System.Text.Encodings.Web": "4.7.1",
          "System.Threading.Tasks.Extensions": "4.5.4"
        }
      },
      "System.Threading.Tasks.Extensions": {
        "type": "Transitive",
        "resolved": "4.5.4",
        "contentHash": "zteT+G8xuGu6mS+mzDzYXbzS7rd3K6Fjb9RiZlYlJPam2/hU7JCBZBVEcywNuR+oZ1ncTvc/cq0faRr3P01OVg==",
        "dependencies": {
          "System.Runtime.CompilerServices.Unsafe": "4.5.3"
        }
      },
      "System.ValueTuple": {
        "type": "Transitive",
        "resolved": "4.5.0",
        "contentHash": "okurQJO6NRE/apDIP23ajJ0hpiNmJ+f0BwOlB/cSqTLQlw5upkf+5+96+iG2Jw40G1fCVCyPz/FhIABUjMR+RQ=="
      }
    }
  }
}