{
  "version": 1,
  "dependencies": {
    ".NETCoreApp,Version=v3.1": {
      "Microsoft.NET.Test.Sdk": {
        "type": "Direct",
        "requested": "[17.4.0, )",
        "resolved": "17.4.0",
        "contentHash": "VtNZQ83ntG2aEUjy1gq6B4HNdn96se6FmdY/03At8WiqDReGrApm6OB2fNiSHz9D6IIEtWtNZ2FSH0RJDVXl/w==",
        "dependencies": {
          "Microsoft.CodeCoverage": "17.4.0",
          "Microsoft.TestPlatform.TestHost": "17.4.0"
        }
      },
      "Moq": {
        "type": "Direct",
        "requested": "[4.18.2, )",
        "resolved": "4.18.2",
        "contentHash": "SjxKYS5nX6prcaT8ZjbkONh3vnh0Rxru09+gQ1a07v4TM530Oe/jq3Q4dOZPfo1wq0LYmTgLOZKrqRfEx4auPw==",
        "dependencies": {
          "Castle.Core": "5.1.0"
        }
      },
      "MSTest.TestFramework": {
        "type": "Direct",
        "requested": "[2.2.10, )",
        "resolved": "2.2.10",
        "contentHash": "JZRVXKq19uRhkj8MuzsU8zJhPV2JV3ZToFPAIg+BU53L1L9mNDfm9jXerdRfbrE4HBcf2M54Ij80zPOdlha3+Q==",
        "dependencies": {
          "NETStandard.Library": "1.6.1",
          "System.Diagnostics.TextWriterTraceListener": "4.3.0"
        }
      },
      "NUnit": {
        "type": "Direct",
        "requested": "[3.13.3, )",
        "resolved": "3.13.3",
        "contentHash": "KNPDpls6EfHwC3+nnA67fh5wpxeLb3VLFAfLxrug6JMYDLHH6InaQIWR7Sc3y75d/9IKzMksH/gi08W7XWbmnQ==",
        "dependencies": {
          "NETStandard.Library": "2.0.0"
        }
      },
      "NUnit3TestAdapter": {
        "type": "Direct",
        "requested": "[4.3.1, )",
        "resolved": "4.3.1",
        "contentHash": "R+bGFtsUpLWywjT1nb3xMmoVa2AIw6ClIGC+XjW9lYE8hwJeos+NdR/mtg4RXbBphmC9epALrnUc6MM7mUG8+Q=="
      },
      "Acr.UserDialogs": {
        "type": "Transitive",
        "resolved": "7.2.0.564",
        "contentHash": "RH+DT3EO/l12EyvOlhhilFizbVMOervE6bepyTccLlSWS+7m828huXefLBYgJ31PGCdiShteXIIkeIdUTRF4iQ=="
      },
      "CarouselView.FormsPlugin": {
        "type": "Transitive",
        "resolved": "6.0.0",
        "contentHash": "6O+/NNod+u5bO8EwNJOq2D2bHfV0NdarAUjrIBn4q6bsxgtX+ONo4JmKL2yBtRmKizoDOjM+r5GwO9ewePTGZg=="
      },
      "Castle.Core": {
        "type": "Transitive",
        "resolved": "5.1.0",
        "contentHash": "31UJpTHOiWq95CDOHazE3Ub/hE/PydNWsJMwnEVTqFFP4WhAugwpaVGxzOxKgNeSUUeqS2W6lxV+q7u1pAOfXg==",
        "dependencies": {
          "System.Diagnostics.EventLog": "4.7.0"
        }
      },
      "Microcharts": {
        "type": "Transitive",
        "resolved": "0.9.5.9",
        "contentHash": "oiaPjsC+l211tRXw17bxT7D1uPHLZG4wZq7w9h9w7LFX76s4ppLN9UGVkUQJ2vBammdFH0JXtbvEUVtbOq85UQ==",
        "dependencies": {
          "SkiaSharp": "2.80.2",
          "System.ValueTuple": "4.5.0"
        }
      },
      "Microcharts.Forms": {
        "type": "Transitive",
        "resolved": "0.9.5.9",
        "contentHash": "qWph+JII7fWqx/ObgqT0IQ9ICGTHSUfvXT1l+Yf/LlLK4DAhDdvn0AKKUatz2uvHy1xHmzBFS+nzdreOpBA2Vw==",
        "dependencies": {
          "Microcharts": "0.9.5.9",
          "SkiaSharp": "2.80.2",
          "SkiaSharp.Views.Forms": "2.80.2",
          "System.ValueTuple": "4.5.0",
          "Xamarin.Forms": "4.7.0.1351"
        }
      },
      "Microsoft.CodeCoverage": {
        "type": "Transitive",
        "resolved": "17.4.0",
        "contentHash": "2oZbSVTC2nAvQ2DnbXLlXS+c25ZyZdWeNd+znWwAxwGaPh9dwQ5NBsYyqQB7sKmJKIUdkKGmN3rzFzjVC81Dtg=="
      },
      "Microsoft.CSharp": {
        "type": "Transitive",
        "resolved": "4.5.0",
        "contentHash": "kaj6Wb4qoMuH3HySFJhxwQfe8R/sJsNJnANrvv8WdFPMoNbKY5htfNscv+LHCu5ipz+49m2e+WQXpLXr9XYemQ=="
      },
      "Microsoft.IdentityModel.Abstractions": {
        "type": "Transitive",
        "resolved": "6.25.0",
        "contentHash": "70MbUvri/xthpVpSEve7X6ysNtTe5MgLEgNyhnZ5z7WXVgFOkUfI7RNtqS6oenLoaaMpnRJrrZFt9Pps5NknBQ=="
      },
      "Microsoft.IdentityModel.JsonWebTokens": {
        "type": "Transitive",
        "resolved": "6.25.0",
        "contentHash": "3Lhgxoc1YhIocnPh3fTE5IK3Ap7yG3WK4TFk01Y90danCYmV7gIW8E1d4b3BtaP9B85eIJ0bmtV4GPiSOF5i/A==",
        "dependencies": {
          "Microsoft.IdentityModel.Tokens": "6.25.0",
          "System.Text.Encoding": "4.3.0",
          "System.Text.Json": "4.7.2"
        }
      },
      "Microsoft.IdentityModel.Logging": {
        "type": "Transitive",
        "resolved": "6.25.0",
        "contentHash": "65/a4Ln4hWKy3M+yMApYKkht/feQKr2DmnHPKROSLxBxFTvrm49K34yuD/VhGmg38U9lAhN5DOK/khq9W4B1ig==",
        "dependencies": {
          "Microsoft.IdentityModel.Abstractions": "6.25.0"
        }
      },
      "Microsoft.IdentityModel.Tokens": {
        "type": "Transitive",
        "resolved": "6.25.0",
        "contentHash": "GIDvDPu2ii11w4UyHPTBsReNraoh3253sQIOPQg7ZCW6kfDj5a/0OrTInYMliIdSNpDXQMYKMimRJG/3i1sAYQ==",
        "dependencies": {
          "Microsoft.CSharp": "4.5.0",
          "Microsoft.IdentityModel.Logging": "6.25.0",
          "System.Security.Cryptography.Cng": "4.5.0",
          "System.Text.Encoding": "4.3.0",
          "System.Text.Json": "4.7.2"
        }
      },
      "Microsoft.NETCore.Platforms": {
        "type": "Transitive",
        "resolved": "3.1.0",
        "contentHash": "z7aeg8oHln2CuNulfhiLYxCVMPEwBl3rzicjvIX+4sUuCwvXw5oXQEtbiU2c0z4qYL5L3Kmx0mMA/+t/SbY67w=="
      },
      "Microsoft.NETCore.Targets": {
        "type": "Transitive",
        "resolved": "1.1.0",
        "contentHash": "aOZA3BWfz9RXjpzt0sRJJMjAscAUm3Hoa4UWAfceV9UTYxgwZ1lZt5nO2myFf+/jetYQo4uTP7zS8sJY67BBxg=="
      },
      "Microsoft.TestPlatform.ObjectModel": {
        "type": "Transitive",
        "resolved": "17.4.0",
        "contentHash": "oWe7A0wrZhxagTOcaxJ9r0NXTbgkiBQQuCpCXxnP06NsGV/qOoaY2oaangAJbOUrwEx0eka1do400NwNCjfytw==",
        "dependencies": {
          "NuGet.Frameworks": "5.11.0",
          "System.Reflection.Metadata": "1.6.0"
        }
      },
      "Microsoft.TestPlatform.TestHost": {
        "type": "Transitive",
        "resolved": "17.4.0",
        "contentHash": "sUx48fu9wgQF1JxzXeSVtzb7KoKpJrdtIzsFamxET3ZYOKXj+Ej13HWZ0U2nuMVZtZVHBmE+KS3Vv5cIdTlycQ==",
        "dependencies": {
          "Microsoft.TestPlatform.ObjectModel": "17.4.0",
          "Newtonsoft.Json": "13.0.1"
        }
      },
      "Microsoft.Win32.Registry": {
        "type": "Transitive",
        "resolved": "4.7.0",
        "contentHash": "KSrRMb5vNi0CWSGG1++id2ZOs/1QhRqROt+qgbEAdQuGjGrFcl4AOl4/exGPUYz2wUnU42nvJqon1T3U0kPXLA==",
        "dependencies": {
          "System.Security.AccessControl": "4.7.0",
          "System.Security.Principal.Windows": "4.7.0"
        }
      },
      "MonkeyCache": {
        "type": "Transitive",
        "resolved": "1.6.3",
        "contentHash": "M7BE5LBnIdkaovXdfKq2HoJPOoD5dgt3ilwWB6f63/M7Kw/R+P+H+pw//50/Ei6beX6DuRwmuQngxyV6ZsjqCQ==",
        "dependencies": {
          "Newtonsoft.Json": "13.0.1"
        }
      },
      "MonkeyCache.FileStore": {
        "type": "Transitive",
        "resolved": "1.6.3",
        "contentHash": "uc9rdTkIMvtf8aZzJHAcwPaVG09NQQkwKLdfh3fRKpqhm2GVx1hiWvgRYmc42Mjx7ECELn+1vg7Cn6KAWezZNw==",
        "dependencies": {
          "MonkeyCache": "1.6.3",
          "Newtonsoft.Json": "13.0.1"
        }
      },
      "NETStandard.Library": {
        "type": "Transitive",
        "resolved": "2.0.0",
        "contentHash": "7jnbRU+L08FXKMxqUflxEXtVymWvNOrS8yHgu9s6EM8Anr6T/wIX4nZ08j/u3Asz+tCufp3YVwFSEvFTPYmBPA==",
        "dependencies": {
          "Microsoft.NETCore.Platforms": "1.1.0"
        }
      },
      "Newtonsoft.Json": {
        "type": "Transitive",
        "resolved": "13.0.1",
        "contentHash": "ppPFpBcvxdsfUonNcvITKqLl3bqxWbDCZIzDWHzjpdAHRFfZe0Dw9HmA0+za13IdyrgJwpkDTDA9fHaxOrt20A=="
      },
      "NuGet.Frameworks": {
        "type": "Transitive",
        "resolved": "5.11.0",
        "contentHash": "eaiXkUjC4NPcquGWzAGMXjuxvLwc6XGKMptSyOGQeT0X70BUZObuybJFZLA0OfTdueLd3US23NBPTBb6iF3V1Q=="
      },
      "Nyxbull.Plugins.CrossLocalization": {
        "type": "Transitive",
        "resolved": "1.3.1",
        "contentHash": "V6Ixpid+nnENUzNxDuSPm965p2S1JygzjWc6exsGguhvF61Vv6dDrCP/SBhVVMfAzFVb9pGotgqRXdcFKBOq+g==",
        "dependencies": {
          "Newtonsoft.Json": "12.0.3"
        }
      },
      "runtime.native.System": {
        "type": "Transitive",
        "resolved": "4.3.0",
        "contentHash": "c/qWt2LieNZIj1jGnVNsE2Kl23Ya2aSTBuXMD6V7k9KWr6l16Tqdwq+hJScEpWER9753NWC8h96PaVNY5Ld7Jw==",
        "dependencies": {
          "Microsoft.NETCore.Platforms": "1.1.0",
          "Microsoft.NETCore.Targets": "1.1.0"
        }
      },
      "SkiaSharp": {
        "type": "Transitive",
        "resolved": "2.80.2",
        "contentHash": "D25rzdCwh+3L+XyXqpNa+H/yiLJbE3/R3K/XexwHyQjGdzZvSufFW3oqf3En7hhqSIsxsJ8f5NEZ0J5W5wlGBg==",
        "dependencies": {
          "System.Memory": "4.5.3"
        }
      },
      "SkiaSharp.Views.Forms": {
        "type": "Transitive",
        "resolved": "2.80.2",
        "contentHash": "8aRDb98O2cHymB94O8FBj85qMC+MYEY6591wBpHcwgfz4HMo4orSMApD5y8VDmHpA5KR0Yh2ija+HTylz/9CgA==",
        "dependencies": {
          "SkiaSharp": "2.80.2",
          "Xamarin.Forms": "4.6.0.772"
        }
      },
      "System.Collections": {
        "type": "Transitive",
        "resolved": "4.3.0",
        "contentHash": "3Dcj85/TBdVpL5Zr+gEEBUuFe2icOnLalmEh9hfck1PTYbbyWuZgh4fmm2ysCLTrqLQw6t3TgTyJ+VLp+Qb+Lw==",
        "dependencies": {
          "Microsoft.NETCore.Platforms": "1.1.0",
          "Microsoft.NETCore.Targets": "1.1.0",
          "System.Runtime": "4.3.0"
        }
      },
      "System.Diagnostics.Debug": {
        "type": "Transitive",
        "resolved": "4.3.0",
        "contentHash": "ZUhUOdqmaG5Jk3Xdb8xi5kIyQYAA4PnTNlHx1mu9ZY3qv4ELIdKbnL/akbGaKi2RnNUWaZsAs31rvzFdewTj2g==",
        "dependencies": {
          "Microsoft.NETCore.Platforms": "1.1.0",
          "Microsoft.NETCore.Targets": "1.1.0",
          "System.Runtime": "4.3.0"
        }
      },
      "System.Diagnostics.EventLog": {
        "type": "Transitive",
        "resolved": "4.7.0",
        "contentHash": "iDoKGQcRwX0qwY+eAEkaJGae0d/lHlxtslO+t8pJWAUxlvY3tqLtVOPnW2UU4cFjP0Y/L1QBqhkZfSyGqVMR2w==",
        "dependencies": {
          "Microsoft.NETCore.Platforms": "3.1.0",
          "Microsoft.Win32.Registry": "4.7.0",
          "System.Security.Principal.Windows": "4.7.0"
        }
      },
      "System.Diagnostics.TextWriterTraceListener": {
        "type": "Transitive",
        "resolved": "4.3.0",
        "contentHash": "F11kHWeiwYjFWto+kr8tt9ULMH0k8MsT1XmdCGPTLYHhWgN+2g7JsIZiXDrxlFGccSNkbjfwQy4xIS38gzUiZA==",
        "dependencies": {
          "System.Diagnostics.TraceSource": "4.3.0",
          "System.Globalization": "4.3.0",
          "System.IO": "4.3.0",
          "System.Resources.ResourceManager": "4.3.0",
          "System.Runtime": "4.3.0",
          "System.Threading": "4.3.0"
        }
      },
      "System.Diagnostics.TraceSource": {
        "type": "Transitive",
        "resolved": "4.3.0",
        "contentHash": "VnYp1NxGx8Ww731y2LJ1vpfb/DKVNKEZ8Jsh5SgQTZREL/YpWRArgh9pI8CDLmgHspZmLL697CaLvH85qQpRiw==",
        "dependencies": {
          "Microsoft.NETCore.Platforms": "1.1.0",
          "System.Collections": "4.3.0",
          "System.Diagnostics.Debug": "4.3.0",
          "System.Globalization": "4.3.0",
          "System.Resources.ResourceManager": "4.3.0",
          "System.Runtime": "4.3.0",
          "System.Runtime.Extensions": "4.3.0",
          "System.Threading": "4.3.0",
          "runtime.native.System": "4.3.0"
        }
      },
      "System.Globalization": {
        "type": "Transitive",
        "resolved": "4.3.0",
        "contentHash": "kYdVd2f2PAdFGblzFswE4hkNANJBKRmsfa2X5LG2AcWE1c7/4t0pYae1L8vfZ5xvE2nK/R9JprtToA61OSHWIg==",
        "dependencies": {
          "Microsoft.NETCore.Platforms": "1.1.0",
          "Microsoft.NETCore.Targets": "1.1.0",
          "System.Runtime": "4.3.0"
        }
      },
      "System.IdentityModel.Tokens.Jwt": {
        "type": "Transitive",
        "resolved": "6.25.0",
        "contentHash": "MCET1ZS8HYEc7+FiNO+0a7OH30pH42lbLKfriuvmOYSRBYi0wkq7duOYvOXPCXHn5qmP+hg30N4afwVM/G/Viw==",
        "dependencies": {
          "Microsoft.IdentityModel.JsonWebTokens": "6.25.0",
          "Microsoft.IdentityModel.Tokens": "6.25.0"
        }
      },
      "System.IO": {
        "type": "Transitive",
        "resolved": "4.3.0",
        "contentHash": "3qjaHvxQPDpSOYICjUoTsmoq5u6QJAFRUITgeT/4gqkF1bajbSmb1kwSxEA8AHlofqgcKJcM8udgieRNhaJ5Cg==",
        "dependencies": {
          "Microsoft.NETCore.Platforms": "1.1.0",
          "Microsoft.NETCore.Targets": "1.1.0",
          "System.Runtime": "4.3.0",
          "System.Text.Encoding": "4.3.0",
          "System.Threading.Tasks": "4.3.0"
        }
      },
      "System.Memory": {
        "type": "Transitive",
        "resolved": "4.5.3",
        "contentHash": "3oDzvc/zzetpTKWMShs1AADwZjQ/36HnsufHRPcOjyRAAMLDlu2iD33MBI2opxnezcVUtXyqDXXjoFMOU9c7SA=="
      },
      "System.Numerics.Vectors": {
        "type": "Transitive",
        "resolved": "4.5.0",
        "contentHash": "QQTlPTl06J/iiDbJCiepZ4H//BVraReU4O4EoRw1U02H5TLUIT7xn3GnDp9AXPSlJUDyFs4uWjWafNX6WrAojQ=="
      },
      "System.Reflection": {
        "type": "Transitive",
        "resolved": "4.3.0",
        "contentHash": "KMiAFoW7MfJGa9nDFNcfu+FpEdiHpWgTcS2HdMpDvt9saK3y/G4GwprPyzqjFH9NTaGPQeWNHU+iDlDILj96aQ==",
        "dependencies": {
          "Microsoft.NETCore.Platforms": "1.1.0",
          "Microsoft.NETCore.Targets": "1.1.0",
          "System.IO": "4.3.0",
          "System.Reflection.Primitives": "4.3.0",
          "System.Runtime": "4.3.0"
        }
      },
      "System.Reflection.Metadata": {
        "type": "Transitive",
        "resolved": "1.6.0",
        "contentHash": "COC1aiAJjCoA5GBF+QKL2uLqEBew4JsCkQmoHKbN3TlOZKa2fKLz5CpiRQKDz0RsAOEGsVKqOD5bomsXq/4STQ=="
      },
      "System.Reflection.Primitives": {
        "type": "Transitive",
        "resolved": "4.3.0",
        "contentHash": "5RXItQz5As4xN2/YUDxdpsEkMhvw3e6aNveFXUn4Hl/udNTCNhnKp8lT9fnc3MhvGKh1baak5CovpuQUXHAlIA==",
        "dependencies": {
          "Microsoft.NETCore.Platforms": "1.1.0",
          "Microsoft.NETCore.Targets": "1.1.0",
          "System.Runtime": "4.3.0"
        }
      },
      "System.Resources.ResourceManager": {
        "type": "Transitive",
        "resolved": "4.3.0",
        "contentHash": "/zrcPkkWdZmI4F92gL/TPumP98AVDu/Wxr3CSJGQQ+XN6wbRZcyfSKVoPo17ilb3iOr0cCRqJInGwNMolqhS8A==",
        "dependencies": {
          "Microsoft.NETCore.Platforms": "1.1.0",
          "Microsoft.NETCore.Targets": "1.1.0",
          "System.Globalization": "4.3.0",
          "System.Reflection": "4.3.0",
          "System.Runtime": "4.3.0"
        }
      },
      "System.Runtime": {
        "type": "Transitive",
        "resolved": "4.3.0",
        "contentHash": "JufQi0vPQ0xGnAczR13AUFglDyVYt4Kqnz1AZaiKZ5+GICq0/1MH/mO/eAJHt/mHW1zjKBJd7kV26SrxddAhiw==",
        "dependencies": {
          "Microsoft.NETCore.Platforms": "1.1.0",
          "Microsoft.NETCore.Targets": "1.1.0"
        }
      },
      "System.Runtime.Extensions": {
        "type": "Transitive",
        "resolved": "4.3.0",
        "contentHash": "guW0uK0fn5fcJJ1tJVXYd7/1h5F+pea1r7FLSOz/f8vPEqbR2ZAknuRDvTQ8PzAilDveOxNjSfr0CHfIQfFk8g==",
        "dependencies": {
          "Microsoft.NETCore.Platforms": "1.1.0",
          "Microsoft.NETCore.Targets": "1.1.0",
          "System.Runtime": "4.3.0"
        }
      },
      "System.Security.AccessControl": {
        "type": "Transitive",
        "resolved": "4.7.0",
        "contentHash": "JECvTt5aFF3WT3gHpfofL2MNNP6v84sxtXxpqhLBCcDRzqsPBmHhQ6shv4DwwN2tRlzsUxtb3G9M3763rbXKDg==",
        "dependencies": {
          "Microsoft.NETCore.Platforms": "3.1.0",
          "System.Security.Principal.Windows": "4.7.0"
        }
      },
      "System.Security.Cryptography.Cng": {
        "type": "Transitive",
        "resolved": "4.5.0",
        "contentHash": "WG3r7EyjUe9CMPFSs6bty5doUqT+q9pbI80hlNzo2SkPkZ4VTuZkGWjpp77JB8+uaL4DFPRdBsAY+DX3dBK92A=="
      },
      "System.Security.Principal.Windows": {
        "type": "Transitive",
        "resolved": "4.7.0",
        "contentHash": "ojD0PX0XhneCsUbAZVKdb7h/70vyYMDYs85lwEI+LngEONe/17A0cFaRFqZU+sOEidcVswYWikYOQ9PPfjlbtQ=="
      },
      "System.Text.Encoding": {
        "type": "Transitive",
        "resolved": "4.3.0",
        "contentHash": "BiIg+KWaSDOITze6jGQynxg64naAPtqGHBwDrLaCtixsa5bKiR8dpPOHA7ge3C0JJQizJE+sfkz1wV+BAKAYZw==",
        "dependencies": {
          "Microsoft.NETCore.Platforms": "1.1.0",
          "Microsoft.NETCore.Targets": "1.1.0",
          "System.Runtime": "4.3.0"
        }
      },
      "System.Text.Json": {
        "type": "Transitive",
        "resolved": "4.7.2",
        "contentHash": "TcMd95wcrubm9nHvJEQs70rC0H/8omiSGGpU4FQ/ZA1URIqD4pjmFJh2Mfv1yH1eHgJDWTi2hMDXwTET+zOOyg=="
      },
      "System.Threading": {
        "type": "Transitive",
        "resolved": "4.3.0",
        "contentHash": "VkUS0kOBcUf3Wwm0TSbrevDDZ6BlM+b/HRiapRFWjM5O0NS0LviG0glKmFK+hhPDd1XFeSdU1GmlLhb2CoVpIw==",
        "dependencies": {
          "System.Runtime": "4.3.0",
          "System.Threading.Tasks": "4.3.0"
        }
      },
      "System.Threading.Tasks": {
        "type": "Transitive",
        "resolved": "4.3.0",
        "contentHash": "LbSxKEdOUhVe8BezB/9uOGGppt+nZf6e1VFyw6v3DN6lqitm0OSn2uXMOdtP0M3W4iMcqcivm2J6UgqiwwnXiA==",
        "dependencies": {
          "Microsoft.NETCore.Platforms": "1.1.0",
          "Microsoft.NETCore.Targets": "1.1.0",
          "System.Runtime": "4.3.0"
        }
      },
      "System.ValueTuple": {
        "type": "Transitive",
        "resolved": "4.5.0",
        "contentHash": "okurQJO6NRE/apDIP23ajJ0hpiNmJ+f0BwOlB/cSqTLQlw5upkf+5+96+iG2Jw40G1fCVCyPz/FhIABUjMR+RQ=="
      },
      "Xamarin.Essentials": {
        "type": "Transitive",
        "resolved": "1.7.3",
        "contentHash": "b6NfxOfkmMGN54a4OcV/D7KXclWWqFwgixMPzlAku3kfKgUBGW4vBdNaujIBmk57NbGpWB2IS78ek0gDHNKwoQ==",
        "dependencies": {
          "System.Numerics.Vectors": "4.5.0"
        }
      },
      "Xamarin.FFImageLoading": {
        "type": "Transitive",
        "resolved": "2.4.11.982",
        "contentHash": "M0sNIQgUPs+le6C2TS4RmZQAURnzaRVizRtnZIZ6/1//qGcEAtEXAGt/tBJz6I1zlP6XlMxq8io6b4sjFP5N9Q=="
      },
      "Xamarin.FFImageLoading.Forms": {
        "type": "Transitive",
        "resolved": "2.4.11.982",
        "contentHash": "7X4t3J1wJj0/0o8+vd91hzSYlrqEeMFC7Mj+0T8O+fcbRSHo/c+QbWscEQiT4AaKCwyO709xq+7aY2XXbK/H7g==",
        "dependencies": {
          "Xamarin.FFImageLoading": "2.4.11.982",
          "Xamarin.Forms": "3.3.0.912540"
        }
      },
      "Xamarin.FFImageLoading.Transformations": {
        "type": "Transitive",
        "resolved": "2.4.11.982",
        "contentHash": "cNG6zhiEBTENAGgIc9lY54YMJ0tg2dJ9+tj8tYgrOEQT8gxlj3OUzzNWZgaQWpcx28y5iIt/qM+Bd6jUwtAn1Q==",
        "dependencies": {
          "Xamarin.FFImageLoading": "2.4.11.982"
        }
      },
      "Xamarin.Forms": {
        "type": "Transitive",
        "resolved": "5.0.0.2545",
        "contentHash": "mjfNx4Y/RD0FYjrBfETT2iNdFD1WCXN5wNHPhQaXm3k0u5XYJaOx5K83EZ8nVun+FPi7Wo3rQPIN0DLCs5PG4A=="
      },
      "educats": {
        "type": "Project",
        "dependencies": {
          "Acr.UserDialogs": "[7.2.0.564, )",
          "CarouselView.FormsPlugin": "[6.0.0, )",
          "Microcharts": "[0.9.5.9, )",
          "Microcharts.Forms": "[0.9.5.9, )",
          "MonkeyCache.FileStore": "[1.6.3, )",
          "Nyxbull.Plugins.CrossLocalization": "[1.3.1, )",
          "System.IdentityModel.Tokens.Jwt": "[6.25.0, )",
          "Xamarin.Essentials": "[1.7.3, )",
          "Xamarin.FFImageLoading": "[2.4.11.982, )",
          "Xamarin.FFImageLoading.Forms": "[2.4.11.982, )",
          "Xamarin.FFImageLoading.Transformations": "[2.4.11.982, )",
          "Xamarin.Forms": "[5.0.0.2545, )"
        }
      }
    }
  }
}