{
  "version": 1,
  "dependencies": {
    "MonoAndroid,Version=v13.0": {
      "Acr.UserDialogs": {
        "type": "Direct",
        "requested": "[7.2.0.564, )",
        "resolved": "7.2.0.564",
        "contentHash": "RH+DT3EO/l12EyvOlhhilFizbVMOervE6bepyTccLlSWS+7m828huXefLBYgJ31PGCdiShteXIIkeIdUTRF4iQ==",
        "dependencies": {
          "AndHUD": "1.4.3",
          "Xamarin.Google.Android.Material": "1.4.0.4"
        }
      },
      "CarouselView.FormsPlugin": {
        "type": "Direct",
        "requested": "[6.0.0, )",
        "resolved": "6.0.0",
        "contentHash": "6O+/NNod+u5bO8EwNJOq2D2bHfV0NdarAUjrIBn4q6bsxgtX+ONo4JmKL2yBtRmKizoDOjM+r5GwO9ewePTGZg==",
        "dependencies": {
          "Xamarin.Android.CirclePageIndicator": "1.1.1",
          "Xamarin.Android.VerticalViewPager": "1.1.2",
          "Xamarin.AndroidX.ViewPager": "1.0.0.2",
          "Xamarin.Forms": "4.8.0.1821"
        }
      },
      "Microcharts": {
        "type": "Direct",
        "requested": "[0.9.5.9, )",
        "resolved": "0.9.5.9",
        "contentHash": "oiaPjsC+l211tRXw17bxT7D1uPHLZG4wZq7w9h9w7LFX76s4ppLN9UGVkUQJ2vBammdFH0JXtbvEUVtbOq85UQ==",
        "dependencies": {
          "SkiaSharp": "2.80.2",
          "SkiaSharp.Views": "2.80.2"
        }
      },
      "Microcharts.Forms": {
        "type": "Direct",
        "requested": "[0.9.5.9, )",
        "resolved": "0.9.5.9",
        "contentHash": "qWph+JII7fWqx/ObgqT0IQ9ICGTHSUfvXT1l+Yf/LlLK4DAhDdvn0AKKUatz2uvHy1xHmzBFS+nzdreOpBA2Vw==",
        "dependencies": {
          "Microcharts": "0.9.5.9",
          "SkiaSharp": "2.80.2",
          "SkiaSharp.Views.Forms": "2.80.2",
          "System.ValueTuple": "4.5.0",
          "Xamarin.Forms": "4.7.0.1351"
        }
      },
      "MonkeyCache.FileStore": {
        "type": "Direct",
        "requested": "[1.6.3, )",
        "resolved": "1.6.3",
        "contentHash": "uc9rdTkIMvtf8aZzJHAcwPaVG09NQQkwKLdfh3fRKpqhm2GVx1hiWvgRYmc42Mjx7ECELn+1vg7Cn6KAWezZNw==",
        "dependencies": {
          "MonkeyCache": "1.6.3",
          "Newtonsoft.Json": "13.0.1"
        }
      },
      "Nyxbull.Plugins.CrossLocalization": {
        "type": "Direct",
        "requested": "[1.3.1, )",
        "resolved": "1.3.1",
        "contentHash": "V6Ixpid+nnENUzNxDuSPm965p2S1JygzjWc6exsGguhvF61Vv6dDrCP/SBhVVMfAzFVb9pGotgqRXdcFKBOq+g==",
        "dependencies": {
          "Newtonsoft.Json": "12.0.3"
        }
      },
      "Xamarin.Essentials": {
        "type": "Direct",
        "requested": "[1.8.0, )",
        "resolved": "1.8.0",
        "contentHash": "g1yB0CkX7BVOx84P0SLm8guypbEfigqjddZsI9KgJzba6yRRcekBqDp6YTT1hO8ZcFcW8VZbsymejTJftJoQyg==",
        "dependencies": {
          "System.Numerics.Vectors": "4.5.0",
          "Xamarin.AndroidX.Browser": "[1.3.0.5, 1.6.0]"
        }
      },
      "Xamarin.FFImageLoading": {
        "type": "Direct",
        "requested": "[2.4.11.982, )",
        "resolved": "2.4.11.982",
        "contentHash": "M0sNIQgUPs+le6C2TS4RmZQAURnzaRVizRtnZIZ6/1//qGcEAtEXAGt/tBJz6I1zlP6XlMxq8io6b4sjFP5N9Q=="
      },
      "Xamarin.FFImageLoading.Forms": {
        "type": "Direct",
        "requested": "[2.4.11.982, )",
        "resolved": "2.4.11.982",
        "contentHash": "7X4t3J1wJj0/0o8+vd91hzSYlrqEeMFC7Mj+0T8O+fcbRSHo/c+QbWscEQiT4AaKCwyO709xq+7aY2XXbK/H7g==",
        "dependencies": {
          "Xamarin.FFImageLoading": "2.4.11.982",
          "Xamarin.Forms": "3.3.0.912540"
        }
      },
      "Xamarin.FFImageLoading.Transformations": {
        "type": "Direct",
        "requested": "[2.4.11.982, )",
        "resolved": "2.4.11.982",
        "contentHash": "cNG6zhiEBTENAGgIc9lY54YMJ0tg2dJ9+tj8tYgrOEQT8gxlj3OUzzNWZgaQWpcx28y5iIt/qM+Bd6jUwtAn1Q==",
        "dependencies": {
          "Xamarin.FFImageLoading": "2.4.11.982"
        }
      },
      "Xamarin.Forms": {
        "type": "Direct",
        "requested": "[5.0.0.2612, )",
        "resolved": "5.0.0.2612",
        "contentHash": "zQcy3NJgRJnLRWQZ2TZPCgDoTDHoYskHLutKDvz1pVNtvJ8U7kkg4mE2XATs3dAkQ+oWoqB4VOBGRk9uAfoRMw==",
        "dependencies": {
          "Xamarin.AndroidX.AppCompat": "[1.6.0, 1.7.0)",
          "Xamarin.AndroidX.Browser": "[1.3.0.6, 1.6.0)",
          "Xamarin.AndroidX.Core": "[1.9.0.3, 2.0.0)",
          "Xamarin.AndroidX.CustomView": "[1.1.0.14, 1.2.0)",
          "Xamarin.AndroidX.Legacy.Support.V4": "[1.0.0.8, 1.1.0)",
          "Xamarin.AndroidX.Lifecycle.LiveData": "[2.3.1.1, 2.6.1.1]",
          "Xamarin.AndroidX.Navigation.UI": "[2.3.5.1, 2.6.0)",
          "Xamarin.AndroidX.Preference": "[1.1.1.9, 1.3.0)",
          "Xamarin.AndroidX.RecyclerView": "[1.2.1.1, 1.4.0)",
          "Xamarin.Google.Android.Material": "[1.4.0.2, 1.9.0)"
        }
      },
      "AndHUD": {
        "type": "Transitive",
        "resolved": "1.4.3",
        "contentHash": "lP+DdOnavPTba898sO9a5V72DKBcJ/M+g8sZ3pvTpctGxBNFjCU5LSonHM9K5a9tp1o7RdgHJvy9IEPbDq0zIw=="
      },
      "Microsoft.Bcl.AsyncInterfaces": {
        "type": "Transitive",
        "resolved": "1.1.0",
        "contentHash": "1Am6l4Vpn3/K32daEqZI+FFr96OlZkgwK2LcT3pZ2zWubR5zTPW3/FkO1Rat9kb7oQOa4rxgl9LJHc5tspCWfg==",
        "dependencies": {
          "System.Threading.Tasks.Extensions": "4.5.2"
        }
      },
      "Microsoft.CSharp": {
        "type": "Transitive",
        "resolved": "4.5.0",
        "contentHash": "kaj6Wb4qoMuH3HySFJhxwQfe8R/sJsNJnANrvv8WdFPMoNbKY5htfNscv+LHCu5ipz+49m2e+WQXpLXr9XYemQ=="
      },
      "Microsoft.IdentityModel.Abstractions": {
        "type": "Transitive",
        "resolved": "7.6.0",
        "contentHash": "q4MZ8d0LlWKWtQfxNl9ZRZVOQ7IPEAR6CF4rFKITfuqEUOhqrbwHbqBanReI37155IKb8V/tPJqpPa3KXm9wQQ=="
      },
      "Microsoft.IdentityModel.JsonWebTokens": {
        "type": "Transitive",
        "resolved": "7.6.0",
        "contentHash": "lsleZbCuh3wZ3RfKd8WJ7E52nIeQQzJsDrgHN+B3Zhzd32UTQ1V3Vjn1N9PssnSulAoEMF0aAiue7ucX+TPoQA==",
        "dependencies": {
          "Microsoft.IdentityModel.Tokens": "7.6.0",
          "System.Text.Encodings.Web": "4.7.2",
          "System.Text.Json": "4.7.2"
        }
      },
      "Microsoft.IdentityModel.Logging": {
        "type": "Transitive",
        "resolved": "7.6.0",
        "contentHash": "7AVJhNY4y/i96XGfaXovX8aAyYWz6HHtPEPHPpbg5JCchwVaoO08VmmpHe0L2gVagW/iHG0w4a4Xg9gxLXQ/8A==",
        "dependencies": {
          "Microsoft.IdentityModel.Abstractions": "7.6.0"
        }
      },
      "Microsoft.IdentityModel.Tokens": {
        "type": "Transitive",
        "resolved": "7.6.0",
        "contentHash": "xvEil42RUe4Si/TuLDvglNXpklgCWMSecPduczXPS2BAypjheUehPqKLwIy8vSdzB4K2zza3yLgmODBt+J6ZxQ==",
        "dependencies": {
          "Microsoft.CSharp": "4.5.0",
          "Microsoft.IdentityModel.Logging": "7.6.0",
          "System.Security.Cryptography.Cng": "4.5.0",
          "System.Text.Encodings.Web": "4.7.2",
          "System.Text.Json": "4.7.2"
        }
      },
      "MonkeyCache": {
        "type": "Transitive",
        "resolved": "1.6.3",
        "contentHash": "M7BE5LBnIdkaovXdfKq2HoJPOoD5dgt3ilwWB6f63/M7Kw/R+P+H+pw//50/Ei6beX6DuRwmuQngxyV6ZsjqCQ==",
        "dependencies": {
          "Newtonsoft.Json": "13.0.1"
        }
      },
      "Newtonsoft.Json": {
        "type": "Transitive",
        "resolved": "13.0.1",
        "contentHash": "ppPFpBcvxdsfUonNcvITKqLl3bqxWbDCZIzDWHzjpdAHRFfZe0Dw9HmA0+za13IdyrgJwpkDTDA9fHaxOrt20A=="
      },
      "SkiaSharp": {
        "type": "Transitive",
        "resolved": "2.88.6",
        "contentHash": "wdfeBAQrEQCbJIRgAiargzP1Uy+0grZiG4CSgBnhAgcJTsPzlifIaO73JRdwIlT3TyBoeU9jEqzwFUhl4hTYnQ==",
        "dependencies": {
          "SkiaSharp.NativeAssets.Android": "2.88.6"
        }
      },
      "SkiaSharp.NativeAssets.Android": {
        "type": "Transitive",
        "resolved": "2.88.6",
        "contentHash": "yFtWleVp7hRhSPuyEJPlTRsiEQANTHJuREcpIFiFG9bdGmYgAS5CMJXOiO67jyUT7v7vSj3Qk34I7P5FRm1wUg=="
      },
      "SkiaSharp.Views": {
        "type": "Transitive",
        "resolved": "2.80.2",
        "contentHash": "qOvmMOZ2lkT6BTbmSNjsA46ugUeo6X6Vonok5RE3rYWpCEFxB1FvBqbKoaLY5XpdLWzyS3qinAuT2JLSyoPRvg==",
        "dependencies": {
          "SkiaSharp": "2.80.2"
        }
      },
      "SkiaSharp.Views.Forms": {
        "type": "Transitive",
        "resolved": "2.80.2",
        "contentHash": "8aRDb98O2cHymB94O8FBj85qMC+MYEY6591wBpHcwgfz4HMo4orSMApD5y8VDmHpA5KR0Yh2ija+HTylz/9CgA==",
        "dependencies": {
          "SkiaSharp": "2.80.2",
          "SkiaSharp.Views": "2.80.2",
          "Xamarin.Forms": "4.6.0.772"
        }
      },
      "System.Buffers": {
        "type": "Transitive",
        "resolved": "4.5.1",
        "contentHash": "Rw7ijyl1qqRS0YQD/WycNst8hUUMgrMH4FCn1nNm27M4VxchZ1js3fVjQaANHO5f3sN4isvP4a+Met9Y4YomAg=="
      },
      "System.IdentityModel.Tokens.Jwt": {
        "type": "Transitive",
        "resolved": "7.6.0",
        "contentHash": "LIuEbv/kFpuw00yI/mPu+T9NAVdH/u7Y5ChCGzYQQeCg9Pft2C7HFWuO/P+Z7c2RcySNjVk1FmuAheKjYIbOkw==",
        "dependencies": {
          "Microsoft.IdentityModel.JsonWebTokens": "7.6.0",
          "Microsoft.IdentityModel.Tokens": "7.6.0"
        }
      },
      "System.Numerics.Vectors": {
        "type": "Transitive",
        "resolved": "4.5.0",
        "contentHash": "QQTlPTl06J/iiDbJCiepZ4H//BVraReU4O4EoRw1U02H5TLUIT7xn3GnDp9AXPSlJUDyFs4uWjWafNX6WrAojQ=="
      },
      "System.Runtime.CompilerServices.Unsafe": {
        "type": "Transitive",
        "resolved": "4.7.1",
        "contentHash": "zOHkQmzPCn5zm/BH+cxC1XbUS3P4Yoi3xzW7eRgVpDR2tPGSzyMZ17Ig1iRkfJuY0nhxkQQde8pgePNiA7z7TQ=="
      },
      "System.Security.Cryptography.Cng": {
        "type": "Transitive",
        "resolved": "4.5.0",
        "contentHash": "WG3r7EyjUe9CMPFSs6bty5doUqT+q9pbI80hlNzo2SkPkZ4VTuZkGWjpp77JB8+uaL4DFPRdBsAY+DX3dBK92A=="
      },
      "System.Text.Encodings.Web": {
        "type": "Transitive",
        "resolved": "4.7.2",
        "contentHash": "iTUgB/WtrZ1sWZs84F2hwyQhiRH6QNjQv2DkwrH+WP6RoFga2Q1m3f9/Q7FG8cck8AdHitQkmkXSY8qylcDmuA=="
      },
      "System.Text.Json": {
        "type": "Transitive",
        "resolved": "4.7.2",
        "contentHash": "TcMd95wcrubm9nHvJEQs70rC0H/8omiSGGpU4FQ/ZA1URIqD4pjmFJh2Mfv1yH1eHgJDWTi2hMDXwTET+zOOyg==",
        "dependencies": {
          "Microsoft.Bcl.AsyncInterfaces": "1.1.0",
          "System.Buffers": "4.5.1",
          "System.Runtime.CompilerServices.Unsafe": "4.7.1",
          "System.Text.Encodings.Web": "4.7.1"
        }
      },
      "System.Threading.Tasks.Extensions": {
        "type": "Transitive",
        "resolved": "4.5.2",
        "contentHash": "BG/TNxDFv0svAzx8OiMXDlsHfGw623BZ8tCXw4YLhDFDvDhNUEV58jKYMGRnkbJNm7c3JNNJDiN7JBMzxRBR2w=="
      },
      "System.ValueTuple": {
        "type": "Transitive",
        "resolved": "4.5.0",
        "contentHash": "okurQJO6NRE/apDIP23ajJ0hpiNmJ+f0BwOlB/cSqTLQlw5upkf+5+96+iG2Jw40G1fCVCyPz/FhIABUjMR+RQ=="
      },
      "Xamarin.Android.CirclePageIndicator": {
        "type": "Transitive",
        "resolved": "1.1.1",
        "contentHash": "7gl/aeZ1kQ+RUSqdTtG+a1jGTniypTn5iZoQ12BiVTw0RB1zN6lKLk+KGZQAaOTpi0EOGkeeB5S67SljaGZwrA==",
        "dependencies": {
          "Xamarin.AndroidX.ViewPager": "1.0.0.2"
        }
      },
      "Xamarin.Android.VerticalViewPager": {
        "type": "Transitive",
        "resolved": "1.1.2",
        "contentHash": "tOM4WVpY7XXXfB640yqn5V8duzRXQddxtrFMpm5hBuSj67/vUJ+5b4uE7SgZ+2BFPPKrxSQurXE31wfEMt0UIA==",
        "dependencies": {
          "Xamarin.AndroidX.ViewPager": "1.0.0.2"
        }
      },
      "Xamarin.AndroidX.Activity": {
        "type": "Transitive",
        "resolved": "1.6.1",
        "contentHash": "KTrmajN+/ne2phyb1bQ+NA6Qrp51Kzg9jz5lljV2mF8wlgcSToCOVkEq9o12QDrM8o3yWnLrNFG6uJ0SL8onnA==",
        "dependencies": {
          "Xamarin.AndroidX.Annotation": "1.5.0.1",
          "Xamarin.AndroidX.Collection": "1.2.0.5",
          "Xamarin.AndroidX.Core": "1.9.0.1",
          "Xamarin.AndroidX.Lifecycle.Runtime": "2.5.1.1",
          "Xamarin.AndroidX.Lifecycle.ViewModel": "2.5.1.1",
          "Xamarin.AndroidX.Lifecycle.ViewModelSavedState": "2.5.1.1",
          "Xamarin.AndroidX.SavedState": "1.2.0.1",
          "Xamarin.AndroidX.Tracing.Tracing": "1.1.0.2",
          "Xamarin.Kotlin.StdLib": "1.7.20.1"
        }
      },
      "Xamarin.AndroidX.Annotation": {
        "type": "Transitive",
        "resolved": "1.6.0.1",
        "contentHash": "E/ujsJbHtjtF4F0SWRXWWe7eza5/ZQNZjiIBvewWwlgw/7kjvp9xe1uwEOEcE1MspAwKYAI5S6oVlogjlZwNig==",
        "dependencies": {
          "Xamarin.AndroidX.Migration": "1.0.10",
          "Xamarin.Kotlin.StdLib": "1.8.20.1"
        }
      },
      "Xamarin.AndroidX.Annotation.Experimental": {
        "type": "Transitive",
        "resolved": "1.3.0.3",
        "contentHash": "xNDjRcgw1oAiA6tZYqqXfsggRSFfZ7sTRDgfSnzQh36zHLhJQsBYsUNxdMQcoJXTGNXtSKrddrFnYy38NC1FaQ==",
        "dependencies": {
          "Xamarin.Kotlin.StdLib": "1.8.20.1"
        }
      },
      "Xamarin.AndroidX.AppCompat": {
        "type": "Transitive",
        "resolved": "1.6.0",
        "contentHash": "FJZp9UQTMz3iCraDfqcmK//q0i3qWbKFxvalm3Np8Mkraf18fDURIz4LdMb6TC9amjwfsgdq+P57Zre7IK9DYA==",
        "dependencies": {
          "Xamarin.AndroidX.Activity": "1.6.1",
          "Xamarin.AndroidX.Annotation": "1.5.0.1",
          "Xamarin.AndroidX.AppCompat.AppCompatResources": "1.6.0",
          "Xamarin.AndroidX.Collection": "1.2.0.5",
          "Xamarin.AndroidX.Core": "1.9.0.1",
          "Xamarin.AndroidX.Core.Core.Ktx": "1.9.0.1",
          "Xamarin.AndroidX.CursorAdapter": "1.0.0.15",
          "Xamarin.AndroidX.DrawerLayout": "1.1.1.10",
          "Xamarin.AndroidX.Emoji2": "1.2.0.1",
          "Xamarin.AndroidX.Emoji2.ViewsHelper": "1.2.0.1",
          "Xamarin.AndroidX.Fragment": "1.5.5",
          "Xamarin.AndroidX.Lifecycle.Runtime": "2.5.1.1",
          "Xamarin.AndroidX.Lifecycle.ViewModel": "2.5.1.1",
          "Xamarin.AndroidX.ResourceInspection.Annotation": "1.0.1.3",
          "Xamarin.AndroidX.SavedState": "1.2.0.1",
          "Xamarin.Kotlin.StdLib": "1.8.0"
        }
      },
      "Xamarin.AndroidX.AppCompat.AppCompatResources": {
        "type": "Transitive",
        "resolved": "1.6.0",
        "contentHash": "4Roa4rKeK6CexsNtqBLmuPMCcYZIbFavIvuosMBIvS3CoBsaXI1Eq2a46ZJKMDLWN1NmPuQOv6Sg4aiNH+zflg==",
        "dependencies": {
          "Xamarin.AndroidX.Annotation": "1.5.0.1",
          "Xamarin.AndroidX.Collection": "1.2.0.5",
          "Xamarin.AndroidX.Core": "1.9.0.1",
          "Xamarin.AndroidX.VectorDrawable": "1.1.0.15",
          "Xamarin.AndroidX.VectorDrawable.Animated": "1.1.0.15"
        }
      },
      "Xamarin.AndroidX.Arch.Core.Common": {
        "type": "Transitive",
        "resolved": "2.2.0.1",
        "contentHash": "Ddj0BQm6HiRqMRpsyBq4rkij0+jTsgTg5m1B2otDOjiphBQPCgq1IXKxTdWaZvFjwPsjOlxxX/4qW2D21PNikQ==",
        "dependencies": {
          "Xamarin.AndroidX.Annotation": "1.6.0.1"
        }
      },
      "Xamarin.AndroidX.Arch.Core.Runtime": {
        "type": "Transitive",
        "resolved": "2.2.0.1",
        "contentHash": "sVoAhPr+M2jae926yf66ofFjRp78qkRlnohJ9pWnOhftc66wMAiK6m8gDVJybOT7k+Vtu90NN1qfkNCvQagt2Q==",
        "dependencies": {
          "Xamarin.AndroidX.Annotation": "1.6.0.1",
          "Xamarin.AndroidX.Arch.Core.Common": "2.2.0.1"
        }
      },
      "Xamarin.AndroidX.AsyncLayoutInflater": {
        "type": "Transitive",
        "resolved": "1.0.0.8",
        "contentHash": "O04TX5Lo14TRHS9Tu04pFG2rgeRzUzdhMc384mzUYfC9tYAlMXdhwpE7BTtolXR+Juu8lgml/mNKfdq15ty22Q==",
        "dependencies": {
          "Xamarin.AndroidX.Annotation": "1.2.0.1",
          "Xamarin.AndroidX.Core": "1.6.0.1"
        }
      },
      "Xamarin.AndroidX.Browser": {
        "type": "Transitive",
        "resolved": "1.3.0.6",
        "contentHash": "0m1gdlSt+ZP9TnnTr1VjWiAW8Agk7H2cijpdGyTTaspJoPSO/e58Vx8HhlL7Fht7FU+tIcnzC9mzw3FCD5FUlg==",
        "dependencies": {
          "Xamarin.AndroidX.Annotation": "1.2.0.1",
          "Xamarin.AndroidX.Collection": "1.1.0.8",
          "Xamarin.AndroidX.Concurrent.Futures": "1.1.0.3",
          "Xamarin.AndroidX.Core": "1.6.0.1",
          "Xamarin.AndroidX.Interpolator": "1.0.0.8",
          "Xamarin.Google.Guava.ListenableFuture": "1.0.0.2"
        }
      },
      "Xamarin.AndroidX.CardView": {
        "type": "Transitive",
        "resolved": "1.0.0.11",
        "contentHash": "ORQ17Ep7k3beX71wfk1Cvz0hepX/odnx+kB5ByMLyojH8Wgp2KLdZE39LiMjYMkClzAq5PaGDcQkfpriRb3V3A==",
        "dependencies": {
          "Xamarin.AndroidX.Annotation": "1.2.0.3"
        }
      },
      "Xamarin.AndroidX.Collection": {
        "type": "Transitive",
        "resolved": "1.2.0.7",
        "contentHash": "zZqL3CTnmL1tPWeVL6DJistWyNhinsQFijSWuqOsRq8FXrDTp12sdNH/g67M7ejbZ6rEGXQsb8RXYJHF8kStbw==",
        "dependencies": {
          "Xamarin.AndroidX.Annotation": "1.6.0.1"
        }
      },
      "Xamarin.AndroidX.Concurrent.Futures": {
        "type": "Transitive",
        "resolved": "1.1.0.12",
        "contentHash": "OWKPYPuEPT9KFXRzhKGs57wGshyiLM+eb0UxWVDm7UsICV43J+QL9CDGDGKBy8cov6q8T+XfMTMUGgsK4vGzsQ==",
        "dependencies": {
          "Xamarin.AndroidX.Annotation": "1.6.0.1",
          "Xamarin.Google.Guava.ListenableFuture": "1.0.0.12"
        }
      },
      "Xamarin.AndroidX.ConstraintLayout": {
        "type": "Transitive",
        "resolved": "2.1.1.2",
        "contentHash": "dBRDyrY+Wt+9DtWrq1OcGWfdS2Wc3+Vquc4b9ZnJeCZdzIUlYdDPlM+pZDkgS1LbVNTrxoO5rG44N96KwsiQIg==",
        "dependencies": {
          "Xamarin.AndroidX.AppCompat": "1.3.1.3",
          "Xamarin.AndroidX.ConstraintLayout.Core": "1.0.1.2",
          "Xamarin.AndroidX.Core": "1.6.0.3"
        }
      },
      "Xamarin.AndroidX.ConstraintLayout.Core": {
        "type": "Transitive",
        "resolved": "1.0.1.2",
        "contentHash": "HmC0Ixz5yWjk/Ll8jmrstblXZWj4Wi2jzcHG59gKpu3FpZopIZsx2bi+tWv5yiMrAMkKgh0TS75BQQULHBaD3Q=="
      },
      "Xamarin.AndroidX.CoordinatorLayout": {
        "type": "Transitive",
        "resolved": "1.1.0.10",
        "contentHash": "Cz9Ljk0tmum4zKuOXhaN3L9Ka6bCEE1eJ6dE9w3f8lQYJ1wURjXhlGmzG6yqMhRbWvfaZklJs2mpJSqvQnggnA==",
        "dependencies": {
          "Xamarin.AndroidX.Annotation": "1.2.0.3",
          "Xamarin.AndroidX.Collection": "1.1.0.10",
          "Xamarin.AndroidX.Core": "1.6.0.3",
          "Xamarin.AndroidX.CustomView": "1.1.0.9"
        }
      },
      "Xamarin.AndroidX.Core": {
        "type": "Transitive",
        "resolved": "1.9.0.3",
        "contentHash": "t6+rH6aMCPnucPGWuYtwpuE7QuooWFbwgoNMuiUXg1vd3eknK5BF0Jpn7XAr7EAvcGWtEg4vDurDJ146zaA5Uw==",
        "dependencies": {
          "Xamarin.AndroidX.Annotation": "1.6.0.1",
          "Xamarin.AndroidX.Annotation.Experimental": "1.3.0.3",
          "Xamarin.AndroidX.Collection": "1.2.0.7",
          "Xamarin.AndroidX.Concurrent.Futures": "1.1.0.12",
          "Xamarin.AndroidX.Lifecycle.Runtime": "2.6.1.1",
          "Xamarin.AndroidX.VersionedParcelable": "1.1.1.17"
        }
      },
      "Xamarin.AndroidX.Core.Core.Ktx": {
        "type": "Transitive",
        "resolved": "1.9.0.1",
        "contentHash": "gGwZJGodTyWv9PKprC7dnY4nGzF1Sm8TfH8xpHAAW0ECI1CKsIrwyDDgbfACCJYD1lI3ubqElEAseeQZJom4dA==",
        "dependencies": {
          "Xamarin.AndroidX.Annotation": "1.5.0.1",
          "Xamarin.AndroidX.Core": "1.9.0.1",
          "Xamarin.Kotlin.StdLib": "1.7.20.1"
        }
      },
      "Xamarin.AndroidX.CursorAdapter": {
        "type": "Transitive",
        "resolved": "1.0.0.15",
        "contentHash": "qfScXOllkbdnjnI4xpdXUi9RjO+h63hBpl3T8p4V5Ff/5cMwjqvwmXqX0Z8CfM4jdTLi0rK/Dt4Da7yN0UCPjA==",
        "dependencies": {
          "Xamarin.AndroidX.Annotation": "1.5.0.1"
        }
      },
      "Xamarin.AndroidX.CustomView": {
        "type": "Transitive",
        "resolved": "1.1.0.14",
        "contentHash": "dmu5e3CcSKD81ypkDZ8R3vyb1LL7alOAQdKgDhlQrUXr4ItSt0A4KRL05njk8758CJOp9EsPVZAhm3M/xzfKnw==",
        "dependencies": {
          "Xamarin.AndroidX.Annotation": "1.5.0.1",
          "Xamarin.AndroidX.Collection": "1.2.0.5",
          "Xamarin.AndroidX.Core": "1.9.0.1"
        }
      },
      "Xamarin.AndroidX.DocumentFile": {
        "type": "Transitive",
        "resolved": "1.0.1.10",
        "contentHash": "Wvv40o5wQHeNc8PD6Vr6kBH/boZrPupmd2HDK0U7eusFEAdm7MxBVY3FtMWWuNxj8nXcwjfI2k3yWXbKiOp4Gw==",
        "dependencies": {
          "Xamarin.AndroidX.Annotation": "1.2.0.3"
        }
      },
      "Xamarin.AndroidX.DrawerLayout": {
        "type": "Transitive",
        "resolved": "1.1.1.10",
        "contentHash": "/opteKr8Bl2fWSFVRnVzIxAvH2GZtuweAEVhfJV5rGxTQf32lvwIo3a5abwOroSxY71OD9e1fiJ2LprlK8Fqig==",
        "dependencies": {
          "Xamarin.AndroidX.Annotation": "1.5.0.1",
          "Xamarin.AndroidX.Core": "1.9.0.1",
          "Xamarin.AndroidX.CustomView": "1.1.0.14"
        }
      },
      "Xamarin.AndroidX.DynamicAnimation": {
        "type": "Transitive",
        "resolved": "1.0.0.10",
        "contentHash": "KE8SUVBQ2U3Ib6bLnfx4muhX3inqcU8QnVCvyIK+Ni4mmxj0LNMJGyMRyan7Jpy0XcQN1jj472NnzziD0VXEoQ==",
        "dependencies": {
          "Xamarin.AndroidX.Collection": "1.1.0.10",
          "Xamarin.AndroidX.Core": "1.6.0.3",
          "Xamarin.AndroidX.Legacy.Support.Core.Utils": "1.0.0.10"
        }
      },
      "Xamarin.AndroidX.Emoji2": {
        "type": "Transitive",
        "resolved": "1.2.0.1",
        "contentHash": "kSBSg2wuK/NLljoAqE1QRzrrSVP0sv0YWzwAIg93AUIEd4kLDHq1uf8nfKsn4frL7qLKVDTjgyJyU01rvQYPow==",
        "dependencies": {
          "Xamarin.AndroidX.Annotation": "1.5.0.1",
          "Xamarin.AndroidX.Collection": "1.2.0.5",
          "Xamarin.AndroidX.Core": "1.9.0.1",
          "Xamarin.AndroidX.Lifecycle.Process": "2.5.1.1",
          "Xamarin.AndroidX.Startup.StartupRuntime": "1.1.1.3"
        }
      },
      "Xamarin.AndroidX.Emoji2.ViewsHelper": {
        "type": "Transitive",
        "resolved": "1.2.0.1",
        "contentHash": "iTIJKqaKUZ08pSi/i3sWRnPVvHQ/1jPVax2vehflEKkPEd8cppH8xzTSAoPgmavNptsMwQJHbdzWX3Trt3B0qQ==",
        "dependencies": {
          "Xamarin.AndroidX.Collection": "1.2.0.5",
          "Xamarin.AndroidX.Core": "1.9.0.1",
          "Xamarin.AndroidX.Emoji2": "1.2.0.1"
        }
      },
      "Xamarin.AndroidX.Fragment": {
        "type": "Transitive",
        "resolved": "1.5.5",
        "contentHash": "+jxH0nFmkGay0D5zU94i0dublf9MEHoHDxfmoNU5d6l3cXTprHegoLcUTkM0FNDIbqVFdQzmEv+e2gOud7+h+A==",
        "dependencies": {
          "Xamarin.AndroidX.Activity": "1.6.1",
          "Xamarin.AndroidX.Annotation": "1.5.0.1",
          "Xamarin.AndroidX.Annotation.Experimental": "1.3.0.1",
          "Xamarin.AndroidX.Collection": "1.2.0.5",
          "Xamarin.AndroidX.Core.Core.Ktx": "1.9.0.1",
          "Xamarin.AndroidX.Lifecycle.LiveData.Core": "2.5.1.1",
          "Xamarin.AndroidX.Lifecycle.ViewModel": "2.5.1.1",
          "Xamarin.AndroidX.Lifecycle.ViewModelSavedState": "2.5.1.1",
          "Xamarin.AndroidX.Loader": "1.1.0.15",
          "Xamarin.AndroidX.SavedState": "1.2.0.1",
          "Xamarin.AndroidX.ViewPager": "1.0.0.15",
          "Xamarin.Kotlin.StdLib": "1.7.22"
        }
      },
      "Xamarin.AndroidX.Interpolator": {
        "type": "Transitive",
        "resolved": "1.0.0.15",
        "contentHash": "Tv6lmLvJz9hM3aSWKM476hFi05QuiOidUQti2NAFXHyUgD3Oo40IEbEP2eptiU/oC4+UsBbIMj7V2E3KpHv3Og==",
        "dependencies": {
          "Xamarin.AndroidX.Annotation": "1.5.0.1"
        }
      },
      "Xamarin.AndroidX.Legacy.Support.Core.UI": {
        "type": "Transitive",
        "resolved": "1.0.0.9",
        "contentHash": "EsNsmYUpb9wG42qp6N+OtiAuuqHMv1iW3+aQGKvvDH/0LxMe7mnTYk+P4LhWkutO2nIso1+BVJx5mvABCLGUow==",
        "dependencies": {
          "Xamarin.AndroidX.Annotation": "1.2.0.1",
          "Xamarin.AndroidX.AsyncLayoutInflater": "1.0.0.8",
          "Xamarin.AndroidX.CoordinatorLayout": "1.1.0.8",
          "Xamarin.AndroidX.Core": "1.6.0.1",
          "Xamarin.AndroidX.CursorAdapter": "1.0.0.8",
          "Xamarin.AndroidX.CustomView": "1.1.0.7",
          "Xamarin.AndroidX.DrawerLayout": "1.1.1.3",
          "Xamarin.AndroidX.Interpolator": "1.0.0.8",
          "Xamarin.AndroidX.Legacy.Support.Core.Utils": "1.0.0.8",
          "Xamarin.AndroidX.SlidingPaneLayout": "1.1.0.3",
          "Xamarin.AndroidX.SwipeRefreshLayout": "1.1.0.3",
          "Xamarin.AndroidX.ViewPager": "1.0.0.8"
        }
      },
      "Xamarin.AndroidX.Legacy.Support.Core.Utils": {
        "type": "Transitive",
        "resolved": "1.0.0.10",
        "contentHash": "2davBZuG2LHrnHoMc7RaxN06IBNcfK9MsmVswpOhw6ibyh/+lv51SltGckcIsk0P0kVRGc1FVKVGlYdI/j84PA==",
        "dependencies": {
          "Xamarin.AndroidX.Annotation": "1.2.0.3",
          "Xamarin.AndroidX.Core": "1.6.0.3",
          "Xamarin.AndroidX.DocumentFile": "1.0.1.10",
          "Xamarin.AndroidX.Loader": "1.1.0.10",
          "Xamarin.AndroidX.LocalBroadcastManager": "1.0.0.10",
          "Xamarin.AndroidX.Print": "1.0.0.10"
        }
      },
      "Xamarin.AndroidX.Legacy.Support.V4": {
        "type": "Transitive",
        "resolved": "1.0.0.8",
        "contentHash": "cSVPrwLdtLpILrMbTs7sP5+kLu1ZCuthA3XY+Jzp9VgWAOBshS65dfMqsviB+tWVcPBdPzcwlwGLebMWyMaYJQ==",
        "dependencies": {
          "Xamarin.AndroidX.Core": "1.6.0.1",
          "Xamarin.AndroidX.Fragment": "1.3.6.1",
          "Xamarin.AndroidX.Legacy.Support.Core.UI": "1.0.0.9",
          "Xamarin.AndroidX.Legacy.Support.Core.Utils": "1.0.0.8",
          "Xamarin.AndroidX.Media": "1.4.0.1"
        }
      },
      "Xamarin.AndroidX.Lifecycle.Common": {
        "type": "Transitive",
        "resolved": "2.6.1.1",
        "contentHash": "c+zbQf+aX6KHhLz47qwTOOQjnXh2RnA4fb0EFM6q4YkwKp3B2eM2vie1AjBZwg7u80yEq5VwMGMiOeUiwydwSg==",
        "dependencies": {
          "Xamarin.AndroidX.Annotation": "1.6.0.1",
          "Xamarin.Kotlin.StdLib": "1.8.20.1",
          "Xamarin.KotlinX.Coroutines.Android": "1.6.4.3"
        }
      },
      "Xamarin.AndroidX.Lifecycle.LiveData": {
        "type": "Transitive",
        "resolved": "2.3.1.1",
        "contentHash": "gxQyXAA6S0BjRJIHgKppb2KsWWyIcC7uM31nVvstAeGfZk8UhPBWvb1Wh0u2zRuVyVf4d7yJ7Bj6pBP2Nd/PtQ==",
        "dependencies": {
          "Xamarin.AndroidX.Arch.Core.Common": "2.1.0.9",
          "Xamarin.AndroidX.Arch.Core.Runtime": "2.1.0.9",
          "Xamarin.AndroidX.Lifecycle.LiveData.Core": "2.3.1.1"
        }
      },
      "Xamarin.AndroidX.Lifecycle.LiveData.Core": {
        "type": "Transitive",
        "resolved": "2.5.1.1",
        "contentHash": "neyc/kdxHX7XhQrZw1H3WSApCyVn4rZOHpz9njj1maKA9avaGCPxLwPHCEa7e99hg/oP1/3Zd/+KAN5iPPC3Eg==",
        "dependencies": {
          "Xamarin.AndroidX.Arch.Core.Common": "2.1.0.16",
          "Xamarin.AndroidX.Arch.Core.Runtime": "2.1.0.16",
          "Xamarin.AndroidX.Lifecycle.Common": "2.5.1.1"
        }
      },
      "Xamarin.AndroidX.Lifecycle.Process": {
        "type": "Transitive",
        "resolved": "2.5.1.1",
        "contentHash": "nWRYhsR5FTctm+dMpF8vzSjTFux225nUXtwo+s8ha4hN5tlICNOTqSJB0Ruk3AUAdjM1MOuAr555LSEpQeGlSQ==",
        "dependencies": {
          "Xamarin.AndroidX.Annotation": "1.5.0.1",
          "Xamarin.AndroidX.Lifecycle.Runtime": "2.5.1.1",
          "Xamarin.AndroidX.Startup.StartupRuntime": "1.1.1.3"
        }
      },
      "Xamarin.AndroidX.Lifecycle.Runtime": {
        "type": "Transitive",
        "resolved": "2.6.1.1",
        "contentHash": "9UjEZwGXvSApph/SSk4othDdOYk1c7xU+mbAUCxlv4/1E9hdfbYOZtq0MI6JvcCoGKigkM5H+CKkD3LnELQ/1A==",
        "dependencies": {
          "Xamarin.AndroidX.Annotation": "1.6.0.1",
          "Xamarin.AndroidX.Arch.Core.Common": "2.2.0.1",
          "Xamarin.AndroidX.Arch.Core.Runtime": "2.2.0.1",
          "Xamarin.AndroidX.Lifecycle.Common": "2.6.1.1",
          "Xamarin.AndroidX.ProfileInstaller.ProfileInstaller": "1.3.0.1",
          "Xamarin.Kotlin.StdLib": "1.8.20.1"
        }
      },
      "Xamarin.AndroidX.Lifecycle.ViewModel": {
        "type": "Transitive",
        "resolved": "2.5.1.1",
        "contentHash": "hWVy2SbUqU8pAA0kvuPH7UNEwtm7bQ+ztC7yXxAxtobq99W5gM0k29NFaAU0MURvgF8SgcketUnCW3STUaeGBA==",
        "dependencies": {
          "Xamarin.AndroidX.Annotation": "1.5.0.1",
          "Xamarin.Kotlin.StdLib": "1.7.20.1"
        }
      },
      "Xamarin.AndroidX.Lifecycle.ViewModelSavedState": {
        "type": "Transitive",
        "resolved": "2.5.1.1",
        "contentHash": "/CciSDCRCT+Kh1CQ1TBcCwSU3658ELJdbfLqChy3R6T3++BGuVC/D068G4f+9EWjZg22TAs6XKiCZre/zsS68Q==",
        "dependencies": {
          "Xamarin.AndroidX.Annotation": "1.5.0.1",
          "Xamarin.AndroidX.Core.Core.Ktx": "1.9.0.1",
          "Xamarin.AndroidX.Lifecycle.LiveData.Core": "2.5.1.1",
          "Xamarin.AndroidX.Lifecycle.ViewModel": "2.5.1.1",
          "Xamarin.AndroidX.SavedState": "1.2.0.1",
          "Xamarin.Kotlin.StdLib": "1.7.20.1",
          "Xamarin.KotlinX.Coroutines.Android": "1.6.4.1"
        }
      },
      "Xamarin.AndroidX.Loader": {
        "type": "Transitive",
        "resolved": "1.1.0.15",
        "contentHash": "j+HFvGPGo1XbObDwCHBfcz221g1AAXdxbt4vrifh21DlvPc0Ws4eBFMV45K4bDcmDmADOji6s7ZhEh2qpT3E6Q==",
        "dependencies": {
          "Xamarin.AndroidX.Annotation": "1.5.0.1",
          "Xamarin.AndroidX.Collection": "1.2.0.5",
          "Xamarin.AndroidX.Core": "1.9.0.1",
          "Xamarin.AndroidX.Lifecycle.LiveData.Core": "2.5.1.1",
          "Xamarin.AndroidX.Lifecycle.ViewModel": "2.5.1.1"
        }
      },
      "Xamarin.AndroidX.LocalBroadcastManager": {
        "type": "Transitive",
        "resolved": "1.0.0.10",
        "contentHash": "iBk8B9LgmXq6Vi3zBNeMXcah43CuiDQ3qCz7ygUoEiSReay+gyuHiXh8plj21tCFzt3C/L0pPwFJZx7VGAqOTw==",
        "dependencies": {
          "Xamarin.AndroidX.Annotation": "1.2.0.3"
        }
      },
      "Xamarin.AndroidX.Media": {
        "type": "Transitive",
        "resolved": "1.4.0.1",
        "contentHash": "5/pGMrY2SWAXCIdRIUSWORYzm7gBCBtq2EKj7f/C3NvVHjjOimTUupCbJi9kYJgJOv+4NyWpvsadOIMnb9luXw==",
        "dependencies": {
          "Xamarin.AndroidX.Annotation": "1.2.0.1",
          "Xamarin.AndroidX.Collection": "1.1.0.8",
          "Xamarin.AndroidX.Core": "1.6.0.1"
        }
      },
      "Xamarin.AndroidX.Migration": {
        "type": "Transitive",
        "resolved": "1.0.10",
        "contentHash": "KxqztaosFJpHWAEfBy0I9/BLKHLkI5VcM/0ojwu8xKvkO6tY0BK5ckrYmJ+8BymXKb3V5+RBEGgWm3An2zhR2A==",
        "dependencies": {
          "Xamarin.AndroidX.MultiDex": "2.0.1.13"
        }
      },
      "Xamarin.AndroidX.MultiDex": {
        "type": "Transitive",
        "resolved": "2.0.1.13",
        "contentHash": "JA1XvydHmWOzbmxhOskY/x7/WdwRbB9D7pT78eo9dpp/f9C+lodQP9JtxNGL7dQxiLddr6hjUmhbrbFDVskrhA=="
      },
      "Xamarin.AndroidX.Navigation.Common": {
        "type": "Transitive",
        "resolved": "2.3.5.1",
        "contentHash": "0xqJZ+KyQAi5VpvaRGxjUouR4xd6gBS3INsXihG2vVROTt45K4Lx8XxMTrA3sJY81nUshg1fHD5TubWg4BaDxQ==",
        "dependencies": {
          "Xamarin.AndroidX.Annotation": "1.2.0.1",
          "Xamarin.AndroidX.Collection": "1.1.0.8",
          "Xamarin.AndroidX.Core": "1.6.0.1"
        }
      },
      "Xamarin.AndroidX.Navigation.Runtime": {
        "type": "Transitive",
        "resolved": "2.3.5.1",
        "contentHash": "5HQVmK/ZWgJUhDwPH6Zj2VToVKiuz3zzgu57kAkDyf4eg5QXk5p3yGYBzlfmveUhLxS01uReJcjUefXtsq97Ag==",
        "dependencies": {
          "Xamarin.AndroidX.Activity": "1.2.4.1",
          "Xamarin.AndroidX.Lifecycle.ViewModel": "2.3.1.1",
          "Xamarin.AndroidX.Lifecycle.ViewModelSavedState": "2.3.1.1",
          "Xamarin.AndroidX.Navigation.Common": "2.3.5.1",
          "Xamarin.AndroidX.SavedState": "1.1.0.2"
        }
      },
      "Xamarin.AndroidX.Navigation.UI": {
        "type": "Transitive",
        "resolved": "2.3.5.1",
        "contentHash": "ytDijy4SQXeib6fN/Lj3bDC7jnTPR3nZcXnqFTY+UO5foWojnDmQAHLbp303W9jYhWPDOOibwUQSxZlfirUSUw==",
        "dependencies": {
          "Xamarin.AndroidX.CustomView": "1.1.0.7",
          "Xamarin.AndroidX.DrawerLayout": "1.1.1.3",
          "Xamarin.AndroidX.Navigation.Runtime": "2.3.5.1",
          "Xamarin.AndroidX.Transition": "1.4.1.1",
          "Xamarin.Google.Android.Material": "1.4.0.1"
        }
      },
      "Xamarin.AndroidX.Preference": {
        "type": "Transitive",
        "resolved": "1.1.1.9",
        "contentHash": "N7ehgmcd3hWBmRP4DrxstLiWnoEE8qeui8hVwkv25DpqQ2W8xlvrl7FALVuiSuYbtm1mIzPGKymLAP1UR81ihg==",
        "dependencies": {
          "Xamarin.AndroidX.Annotation": "1.2.0.1",
          "Xamarin.AndroidX.AppCompat": "1.3.1.1",
          "Xamarin.AndroidX.Collection": "1.1.0.8",
          "Xamarin.AndroidX.Core": "1.6.0.1",
          "Xamarin.AndroidX.Fragment": "1.3.6.1",
          "Xamarin.AndroidX.RecyclerView": "1.2.1.1"
        }
      },
      "Xamarin.AndroidX.Print": {
        "type": "Transitive",
        "resolved": "1.0.0.10",
        "contentHash": "vaUs2dkPW0WvGSRPDuHn1bJ8NtD891Po9nubmOyRP+jBhzkeildlTViHZI1yIZKVVfWL+fcF7CNv0PSVsGQODA==",
        "dependencies": {
          "Xamarin.AndroidX.Annotation": "1.2.0.3"
        }
      },
      "Xamarin.AndroidX.ProfileInstaller.ProfileInstaller": {
        "type": "Transitive",
        "resolved": "1.3.0.1",
        "contentHash": "OeNE+xqjIaJXoTbvy66oNA6PA10DpRBuWoXxFOJ8m9aHtUS23K5oVuq4a3oziYamEGOMkOjWUBTc4TxCus/nXA==",
        "dependencies": {
          "Xamarin.AndroidX.Annotation": "1.6.0.1",
          "Xamarin.AndroidX.Concurrent.Futures": "1.1.0.12",
          "Xamarin.AndroidX.Startup.StartupRuntime": "1.1.1.5",
          "Xamarin.Google.Guava.ListenableFuture": "1.0.0.12"
        }
      },
      "Xamarin.AndroidX.RecyclerView": {
        "type": "Transitive",
        "resolved": "1.2.1.3",
        "contentHash": "u94nIE2hQgbjNGLg0aj6xOnMjNn3WDDrHjwbz7YyLtwGo/3OyaipK4boQLbOLDXbbeLPFwjzfJwhehUAH7xzVA==",
        "dependencies": {
          "Xamarin.AndroidX.Annotation": "1.2.0.3",
          "Xamarin.AndroidX.Collection": "1.1.0.10",
          "Xamarin.AndroidX.Core": "1.6.0.3",
          "Xamarin.AndroidX.CustomView": "1.1.0.9"
        }
      },
      "Xamarin.AndroidX.ResourceInspection.Annotation": {
        "type": "Transitive",
        "resolved": "1.0.1.3",
        "contentHash": "ssPvMwQrugWWpr/7e6KYUrAABSLCxtn0p0oSNNRVfoFAQtwr+lnbGwgPYSVYqvjQwojQN6oIADXW1BH9yTmzkQ==",
        "dependencies": {
          "Xamarin.AndroidX.Annotation": "1.5.0.1"
        }
      },
      "Xamarin.AndroidX.SavedState": {
        "type": "Transitive",
        "resolved": "1.2.0.1",
        "contentHash": "ofGd3SfCUfsy8NvYxfJ7XhyypvmwRO5LXnvE1B7P1mVFarxTXZgEVRUKrZcVY5YmSg3p5UQD6WSzyRzQ42nZ0w==",
        "dependencies": {
          "Xamarin.AndroidX.Annotation": "1.5.0.1",
          "Xamarin.AndroidX.Arch.Core.Common": "2.1.0.16",
          "Xamarin.AndroidX.Lifecycle.Common": "2.5.1.1",
          "Xamarin.Kotlin.StdLib": "1.7.20.1"
        }
      },
      "Xamarin.AndroidX.SlidingPaneLayout": {
        "type": "Transitive",
        "resolved": "1.1.0.3",
        "contentHash": "wrhkQUFtb/4lv1HAXwZlYpAnSqH7qiZCynlxpeSkCPlj4uabOWEvmpMaHeyJOuFGYwDa9/HKTpwC3nHeExZ/oA==",
        "dependencies": {
          "Xamarin.AndroidX.Annotation": "1.2.0.1",
          "Xamarin.AndroidX.Core": "1.6.0.1",
          "Xamarin.AndroidX.CustomView": "1.1.0.7"
        }
      },
      "Xamarin.AndroidX.Startup.StartupRuntime": {
        "type": "Transitive",
        "resolved": "1.1.1.5",
        "contentHash": "IHQhdpC+WLCY5VzOam2vHCZZLG7l49iaw5Mjc4Bc33eyZOdTxcZUxUy0pztq1h/75tIEXsBKIkVKRnMlK7EvZg==",
        "dependencies": {
          "Xamarin.AndroidX.Annotation": "1.6.0.1",
          "Xamarin.AndroidX.Tracing.Tracing": "1.1.0.4"
        }
      },
      "Xamarin.AndroidX.SwipeRefreshLayout": {
        "type": "Transitive",
        "resolved": "1.1.0.3",
        "contentHash": "vU20cGDMFXGU3qgsBpNrJZaB0Ke3GFF63DXRGyMo+jdKnSaNpBgENvtW3Z/ZN2nPEK24ZAhtMUL7TNfXcMVUCw==",
        "dependencies": {
          "Xamarin.AndroidX.Annotation": "1.2.0.1",
          "Xamarin.AndroidX.Core": "1.6.0.1",
          "Xamarin.AndroidX.Interpolator": "1.0.0.8"
        }
      },
      "Xamarin.AndroidX.Tracing.Tracing": {
        "type": "Transitive",
        "resolved": "1.1.0.4",
        "contentHash": "0wlcgRPO7W7MwQL/u296XUSEGeg6BHpTBFrJlRl52f59+Qqk7sXN6CEUIACKUtdNxSuF6dB08qxjkiYaZo+txA==",
        "dependencies": {
          "Xamarin.AndroidX.Annotation": "1.6.0.1"
        }
      },
      "Xamarin.AndroidX.Transition": {
        "type": "Transitive",
        "resolved": "1.4.1.3",
        "contentHash": "bEIJC9gNTb0Nu4qMethg7oRdtdSa+FBUZHQgBoZ9LrFDXZfSvj00xc40ffxF2C1B389cynDPnwpzwwb+p1dS9Q==",
        "dependencies": {
          "Xamarin.AndroidX.Annotation": "1.2.0.3",
          "Xamarin.AndroidX.Collection": "1.1.0.10",
          "Xamarin.AndroidX.Core": "1.6.0.3",
          "Xamarin.AndroidX.Fragment": "1.3.6.3"
        }
      },
      "Xamarin.AndroidX.VectorDrawable": {
        "type": "Transitive",
        "resolved": "1.1.0.15",
        "contentHash": "S0zdiEz3C1EA+J69Z0e8e7p+oslrVUOGx54WDZGeeVx9G5ZYnZpW0z9Ca8NNdj/CgM9r9Ap0Ovxc0PojRARfaA==",
        "dependencies": {
          "Xamarin.AndroidX.Annotation": "1.5.0.1",
          "Xamarin.AndroidX.Collection": "1.2.0.5",
          "Xamarin.AndroidX.Core": "1.9.0.1"
        }
      },
      "Xamarin.AndroidX.VectorDrawable.Animated": {
        "type": "Transitive",
        "resolved": "1.1.0.15",
        "contentHash": "rLsaukfodOmdZvW6ehYxJ/eA6205P8F2XYWwpwjPhT6mR7V9JFBlQpqzaz2PDVtydJptTovz6H0Y23mJTUcjLw==",
        "dependencies": {
          "Xamarin.AndroidX.Collection": "1.2.0.5",
          "Xamarin.AndroidX.Interpolator": "1.0.0.15",
          "Xamarin.AndroidX.VectorDrawable": "1.1.0.15"
        }
      },
      "Xamarin.AndroidX.VersionedParcelable": {
        "type": "Transitive",
        "resolved": "1.1.1.17",
        "contentHash": "ikzuwCCKg5db3UrossAATZggzhHo+J4NqMJEPGmXsXZzewC2f28LpvLR8yZj7WC3BmitSaD1MENmCJYAYZaZ0g==",
        "dependencies": {
          "Xamarin.AndroidX.Annotation": "1.6.0.1",
          "Xamarin.AndroidX.Collection": "1.2.0.7"
        }
      },
      "Xamarin.AndroidX.ViewPager": {
        "type": "Transitive",
        "resolved": "1.0.0.15",
        "contentHash": "rBdP9o5+W9SQA5hyXwKMVHcwyMnC4377YidYTMp65ZB6mhtyOfeYdqJ+Qbvsac1338lMpT1/Ntrnd9qm7JoL3Q==",
        "dependencies": {
          "Xamarin.AndroidX.Annotation": "1.5.0.1",
          "Xamarin.AndroidX.Core": "1.9.0.1",
          "Xamarin.AndroidX.CustomView": "1.1.0.14"
        }
      },
      "Xamarin.AndroidX.ViewPager2": {
        "type": "Transitive",
        "resolved": "1.0.0.12",
        "contentHash": "7F0xE9nyj3cQOiPxb/RhGxcasFZHCJvtGQi/UUdE53oQwzn6t/wyCIkLsWZfT8e8dsRRtnesZWBh27ChuHVhAw==",
        "dependencies": {
          "Xamarin.AndroidX.Annotation": "1.2.0.3",
          "Xamarin.AndroidX.Collection": "1.1.0.10",
          "Xamarin.AndroidX.Core": "1.6.0.3",
          "Xamarin.AndroidX.Fragment": "1.3.6.3",
          "Xamarin.AndroidX.RecyclerView": "1.2.1.3"
        }
      },
      "Xamarin.Google.Android.Material": {
        "type": "Transitive",
        "resolved": "1.4.0.4",
        "contentHash": "E9DidOb/jVUauAo6elUo2GmhsbHSoKp4nvM5cRbc+1jY7+N7oW0/UtUq8iFA+yQeru2hIpMhAQ8VTcAV48s+jw==",
        "dependencies": {
          "Xamarin.AndroidX.Annotation": "1.2.0.3",
          "Xamarin.AndroidX.Annotation.Experimental": "1.1.0.3",
          "Xamarin.AndroidX.AppCompat": "1.3.1.3",
          "Xamarin.AndroidX.CardView": "1.0.0.11",
          "Xamarin.AndroidX.ConstraintLayout": "2.1.1.2",
          "Xamarin.AndroidX.CoordinatorLayout": "1.1.0.10",
          "Xamarin.AndroidX.Core": "1.6.0.3",
          "Xamarin.AndroidX.DynamicAnimation": "1.0.0.10",
          "Xamarin.AndroidX.Fragment": "1.3.6.3",
          "Xamarin.AndroidX.Lifecycle.Runtime": "2.3.1.4",
          "Xamarin.AndroidX.RecyclerView": "1.2.1.3",
          "Xamarin.AndroidX.Transition": "1.4.1.3",
          "Xamarin.AndroidX.VectorDrawable": "1.1.0.10",
          "Xamarin.AndroidX.ViewPager2": "1.0.0.12"
        }
      },
      "Xamarin.Google.Guava.ListenableFuture": {
        "type": "Transitive",
        "resolved": "1.0.0.12",
        "contentHash": "ZObCBW6J9jk6P0yAt5JehBvAh8WMImXgYcxZdliiJDFPrUr6/v7MiurvUzMNv379k01Ni+CF/UfDXfottYkFrw=="
      },
      "Xamarin.Jetbrains.Annotations": {
        "type": "Transitive",
        "resolved": "24.0.1.1",
        "contentHash": "5zppnJ5HO2jf3Nj3O5APmYxNfflAMPYosTg0aY/nmHPKg0DDn+JOh6H57YkowDZwNHKroj7phJNKGBTUpRzwSg=="
      },
      "Xamarin.Kotlin.StdLib": {
        "type": "Transitive",
        "resolved": "1.8.20.1",
        "contentHash": "vRgAwGxWDye5vUnB5Ia8oh7HI6+LYJN2cwHsucoGl/M8EpMGtsPy0EQMY8EJE1v1Kk6WrTUS5NlmFi/0treeLA==",
        "dependencies": {
          "Xamarin.Jetbrains.Annotations": "24.0.1.1",
          "Xamarin.Kotlin.StdLib.Common": "1.8.20.1"
        }
      },
      "Xamarin.Kotlin.StdLib.Common": {
        "type": "Transitive",
        "resolved": "1.8.20.1",
        "contentHash": "9PxNf3paLKaatEuHhLXDJZ3MQWxi4uZCorp8GaDekHgHUxFSdA90x/Sk4gUDEdO0GerxZq6TUR/L+uZDQaqJlA=="
      },
      "Xamarin.Kotlin.StdLib.Jdk7": {
        "type": "Transitive",
        "resolved": "1.8.20.1",
        "contentHash": "we8PNMIQjjyNMTwlJ1junURfZulVOWtpZDiLTLSzYao/YUXpn9JSVxbd2i3PX/NeqknOXBCgA2ef7urReCSHoA==",
        "dependencies": {
          "Xamarin.Kotlin.StdLib": "1.8.20.1"
        }
      },
      "Xamarin.Kotlin.StdLib.Jdk8": {
        "type": "Transitive",
        "resolved": "1.8.20.1",
        "contentHash": "V+ek3aE9I0kxPhSqiJLKsA4PDNjpfUd+LkWbEZrZ6aMFjMtJc6ZdWTRtdvITIptksvw+YmI0yazgEUEvdVpI3g==",
        "dependencies": {
          "Xamarin.Kotlin.StdLib": "1.8.20.1",
          "Xamarin.Kotlin.StdLib.Jdk7": "1.8.20.1"
        }
      },
      "Xamarin.KotlinX.Coroutines.Android": {
        "type": "Transitive",
        "resolved": "1.6.4.3",
        "contentHash": "5zlEZB1sfMcq4+ZzwePA2aNeVy/8+S+WoOSiJPmmhRwtqN46bVBecHnCvc+K+Ujgdh0ta0PLAMZdnBTRMtnN3Q==",
        "dependencies": {
          "Xamarin.Kotlin.StdLib.Jdk8": "1.8.20.1",
          "Xamarin.KotlinX.Coroutines.Core.Jvm": "1.6.4.3"
        }
      },
      "Xamarin.KotlinX.Coroutines.Core.Jvm": {
        "type": "Transitive",
        "resolved": "1.6.4.3",
        "contentHash": "7wKoVBBIsJRppMfjNtbJmeXvNKItARCZVqRHUoLEdW9vrrW11FSMjHV0N7yzONybNjjHcU+D9iNtp+zJvkfvvw==",
        "dependencies": {
          "Xamarin.Kotlin.StdLib.Common": "1.8.20.1",
          "Xamarin.Kotlin.StdLib.Jdk8": "1.8.20.1"
        }
      },
      "educats": {
        "type": "Project",
        "dependencies": {
          "Acr.UserDialogs": "[7.2.0.564, )",
          "CarouselView.FormsPlugin": "[6.0.0, )",
          "Microcharts": "[0.9.5.9, )",
          "Microcharts.Forms": "[0.9.5.9, )",
          "MonkeyCache.FileStore": "[1.6.3, )",
          "Nyxbull.Plugins.CrossLocalization": "[1.3.1, )",
          "SkiaSharp": "[2.88.6, )",
          "System.IdentityModel.Tokens.Jwt": "[7.6.0, )",
          "Xamarin.Essentials": "[1.8.0, )",
          "Xamarin.FFImageLoading": "[2.4.11.982, )",
          "Xamarin.FFImageLoading.Forms": "[2.4.11.982, )",
          "Xamarin.FFImageLoading.Transformations": "[2.4.11.982, )",
          "Xamarin.Forms": "[5.0.0.2612, )"
        }
      }
    }
  }
}