
Microsoft Visual Studio Solution File, Format Version 12.00
# Visual Studio 15
Project("{FAE04EC0-301F-11D3-BF4B-00C04F79EFBC}") = "EduCATS.Android", "EduCATS.Android\EduCATS.Android.csproj", "{5FCD524A-C16C-4F7C-A61B-225ECDE2DBE5}"
EndProject
Project("{FAE04EC0-301F-11D3-BF4B-00C04F79EFBC}") = "EduCATS", "EduCATS\EduCATS.csproj", "{F6F0F12E-FEDC-4663-A475-F97DDB9FE69E}"
EndProject
Project("{FAE04EC0-301F-11D3-BF4B-00C04F79EFBC}") = "EduCATS.iOS", "EduCATS.iOS\EduCATS.iOS.csproj", "{0A7D2F4E-3723-41C0-8A9F-9E8D8308D59F}"
EndProject
Global
	GlobalSection(SolutionConfigurationPlatforms) = preSolution
		Debug|Any CPU = Debug|Any CPU
		Release|Any CPU = Release|Any CPU
		Debug|iPhoneSimulator = Debug|iPhoneSimulator
		Release|iPhoneSimulator = Release|iPhoneSimulator
		Debug|iPhone = Debug|iPhone
		Release|iPhone = Release|iPhone
	EndGlobalSection
	GlobalSection(ProjectConfigurationPlatforms) = postSolution
		{5FCD524A-C16C-4F7C-A61B-225ECDE2DBE5}.Debug|Any CPU.ActiveCfg = Debug|Any CPU
		{5FCD524A-C16C-4F7C-A61B-225ECDE2DBE5}.Debug|Any CPU.Build.0 = Debug|Any CPU
		{5FCD524A-C16C-4F7C-A61B-225ECDE2DBE5}.Release|Any CPU.ActiveCfg = Release|Any CPU
		{5FCD524A-C16C-4F7C-A61B-225ECDE2DBE5}.Release|Any CPU.Build.0 = Release|Any CPU
		{5FCD524A-C16C-4F7C-A61B-225ECDE2DBE5}.Debug|iPhoneSimulator.ActiveCfg = Debug|Any CPU
		{5FCD524A-C16C-4F7C-A61B-225ECDE2DBE5}.Debug|iPhoneSimulator.Build.0 = Debug|Any CPU
		{5FCD524A-C16C-4F7C-A61B-225ECDE2DBE5}.Release|iPhoneSimulator.ActiveCfg = Release|Any CPU
		{5FCD524A-C16C-4F7C-A61B-225ECDE2DBE5}.Release|iPhoneSimulator.Build.0 = Release|Any CPU
		{5FCD524A-C16C-4F7C-A61B-225ECDE2DBE5}.Debug|iPhone.ActiveCfg = Debug|Any CPU
		{5FCD524A-C16C-4F7C-A61B-225ECDE2DBE5}.Debug|iPhone.Build.0 = Debug|Any CPU
		{5FCD524A-C16C-4F7C-A61B-225ECDE2DBE5}.Release|iPhone.ActiveCfg = Release|Any CPU
		{5FCD524A-C16C-4F7C-A61B-225ECDE2DBE5}.Release|iPhone.Build.0 = Release|Any CPU
		{F6F0F12E-FEDC-4663-A475-F97DDB9FE69E}.Debug|Any CPU.ActiveCfg = Debug|Any CPU
		{F6F0F12E-FEDC-4663-A475-F97DDB9FE69E}.Debug|Any CPU.Build.0 = Debug|Any CPU
		{F6F0F12E-FEDC-4663-A475-F97DDB9FE69E}.Release|Any CPU.ActiveCfg = Release|Any CPU
		{F6F0F12E-FEDC-4663-A475-F97DDB9FE69E}.Release|Any CPU.Build.0 = Release|Any CPU
		{F6F0F12E-FEDC-4663-A475-F97DDB9FE69E}.Debug|iPhoneSimulator.ActiveCfg = Debug|Any CPU
		{F6F0F12E-FEDC-4663-A475-F97DDB9FE69E}.Debug|iPhoneSimulator.Build.0 = Debug|Any CPU
		{F6F0F12E-FEDC-4663-A475-F97DDB9FE69E}.Release|iPhoneSimulator.ActiveCfg = Release|Any CPU
		{F6F0F12E-FEDC-4663-A475-F97DDB9FE69E}.Release|iPhoneSimulator.Build.0 = Release|Any CPU
		{F6F0F12E-FEDC-4663-A475-F97DDB9FE69E}.Debug|iPhone.ActiveCfg = Debug|Any CPU
		{F6F0F12E-FEDC-4663-A475-F97DDB9FE69E}.Debug|iPhone.Build.0 = Debug|Any CPU
		{F6F0F12E-FEDC-4663-A475-F97DDB9FE69E}.Release|iPhone.ActiveCfg = Release|Any CPU
		{F6F0F12E-FEDC-4663-A475-F97DDB9FE69E}.Release|iPhone.Build.0 = Release|Any CPU
		{0A7D2F4E-3723-41C0-8A9F-9E8D8308D59F}.Debug|Any CPU.ActiveCfg = Debug|iPhoneSimulator
		{0A7D2F4E-3723-41C0-8A9F-9E8D8308D59F}.Debug|Any CPU.Build.0 = Debug|iPhoneSimulator
		{0A7D2F4E-3723-41C0-8A9F-9E8D8308D59F}.Release|Any CPU.ActiveCfg = Release|iPhoneSimulator
		{0A7D2F4E-3723-41C0-8A9F-9E8D8308D59F}.Release|Any CPU.Build.0 = Release|iPhoneSimulator
		{0A7D2F4E-3723-41C0-8A9F-9E8D8308D59F}.Debug|iPhoneSimulator.ActiveCfg = Debug|iPhoneSimulator
		{0A7D2F4E-3723-41C0-8A9F-9E8D8308D59F}.Debug|iPhoneSimulator.Build.0 = Debug|iPhoneSimulator
		{0A7D2F4E-3723-41C0-8A9F-9E8D8308D59F}.Release|iPhoneSimulator.ActiveCfg = Release|iPhoneSimulator
		{0A7D2F4E-3723-41C0-8A9F-9E8D8308D59F}.Release|iPhoneSimulator.Build.0 = Release|iPhoneSimulator
		{0A7D2F4E-3723-41C0-8A9F-9E8D8308D59F}.Debug|iPhone.ActiveCfg = Debug|iPhone
		{0A7D2F4E-3723-41C0-8A9F-9E8D8308D59F}.Debug|iPhone.Build.0 = Debug|iPhone
		{0A7D2F4E-3723-41C0-8A9F-9E8D8308D59F}.Release|iPhone.ActiveCfg = Release|iPhone
		{0A7D2F4E-3723-41C0-8A9F-9E8D8308D59F}.Release|iPhone.Build.0 = Release|iPhone
	EndGlobalSection
EndGlobal
